// !$*UTF8*$!
{
	archiveVersion = 1;
	classes = {
	};
	objectVersion = 46;
	objects = {

/* Begin PBXBuildFile section */
		CA49561A19F8BFB300170C1F /* AppIcon120x120.png in Resources */ = {isa = PBXBuildFile; fileRef = CA49561819F8BFB300170C1F /* AppIcon120x120.png */; };
		CA49561B19F8BFB300170C1F /* AppIcon180x180.png in Resources */ = {isa = PBXBuildFile; fileRef = CA49561919F8BFB300170C1F /* AppIcon180x180.png */; };
		CA7B7CA81A73402F005E8CAB /* Alert.m in Sources */ = {isa = PBXBuildFile; fileRef = CA7B7CA31A73402F005E8CAB /* Alert.m */; };
		CA7B7CA91A73402F005E8CAB /* Drawer.m in Sources */ = {isa = PBXBuildFile; fileRef = CA7B7CA51A73402F005E8CAB /* Drawer.m */; };
		CA7B7CAA1A73402F005E8CAB /* ProgressView.m in Sources */ = {isa = PBXBuildFile; fileRef = CA7B7CA71A73402F005E8CAB /* ProgressView.m */; };
		CA7B7CAE1A734076005E8CAB /* WifiStatus.m in Sources */ = {isa = PBXBuildFile; fileRef = CA7B7CAD1A734076005E8CAB /* WifiStatus.m */; };
		CA7B7CC51A7340B8005E8CAB /* AFHTTPRequestOperation.m in Sources */ = {isa = PBXBuildFile; fileRef = CA7B7CB11A7340B8005E8CAB /* AFHTTPRequestOperation.m */; };
		CA7B7CC61A7340B8005E8CAB /* AFHTTPRequestOperationManager.m in Sources */ = {isa = PBXBuildFile; fileRef = CA7B7CB31A7340B8005E8CAB /* AFHTTPRequestOperationManager.m */; };
		CA7B7CC71A7340B8005E8CAB /* AFHTTPSessionManager.m in Sources */ = {isa = PBXBuildFile; fileRef = CA7B7CB51A7340B8005E8CAB /* AFHTTPSessionManager.m */; };
		CA7B7CC81A7340B8005E8CAB /* AFNetworkReachabilityManager.m in Sources */ = {isa = PBXBuildFile; fileRef = CA7B7CB81A7340B8005E8CAB /* AFNetworkReachabilityManager.m */; };
		CA7B7CC91A7340B8005E8CAB /* AFSecurityPolicy.m in Sources */ = {isa = PBXBuildFile; fileRef = CA7B7CBA1A7340B8005E8CAB /* AFSecurityPolicy.m */; };
		CA7B7CCA1A7340B8005E8CAB /* AFURLConnectionOperation.m in Sources */ = {isa = PBXBuildFile; fileRef = CA7B7CBC1A7340B8005E8CAB /* AFURLConnectionOperation.m */; };
		CA7B7CCB1A7340B8005E8CAB /* AFURLRequestSerialization.m in Sources */ = {isa = PBXBuildFile; fileRef = CA7B7CBE1A7340B8005E8CAB /* AFURLRequestSerialization.m */; };
		CA7B7CCC1A7340B8005E8CAB /* AFURLResponseSerialization.m in Sources */ = {isa = PBXBuildFile; fileRef = CA7B7CC01A7340B8005E8CAB /* AFURLResponseSerialization.m */; };
		CA7B7CCD1A7340B8005E8CAB /* AFURLSessionManager.m in Sources */ = {isa = PBXBuildFile; fileRef = CA7B7CC21A7340B8005E8CAB /* AFURLSessionManager.m */; };
		CA7B7CCE1A7340B8005E8CAB /* UIImageView+AFNetworking.m in Sources */ = {isa = PBXBuildFile; fileRef = CA7B7CC41A7340B8005E8CAB /* UIImageView+AFNetworking.m */; };
		CA7B7CD11A7340D9005E8CAB /* CLLocation+Utils.m in Sources */ = {isa = PBXBuildFile; fileRef = CA7B7CD01A7340D9005E8CAB /* CLLocation+Utils.m */; };
		CA7B7CE41A7341BB005E8CAB /* AssetViewController.m in Sources */ = {isa = PBXBuildFile; fileRef = CA7B7CD41A7341BB005E8CAB /* AssetViewController.m */; };
		CA7B7CE51A7341BB005E8CAB /* DrawerTableView.m in Sources */ = {isa = PBXBuildFile; fileRef = CA7B7CD61A7341BB005E8CAB /* DrawerTableView.m */; };
		CA7B7CE71A7341BB005E8CAB /* AVCamPreviewView.m in Sources */ = {isa = PBXBuildFile; fileRef = CA7B7CDD1A7341BB005E8CAB /* AVCamPreviewView.m */; };
		CA7B7CE81A7341BB005E8CAB /* AVCamViewController.m in Sources */ = {isa = PBXBuildFile; fileRef = CA7B7CDF1A7341BB005E8CAB /* AVCamViewController.m */; };
		CA7B7CE91A7341BB005E8CAB /* VRCameraViewController.m in Sources */ = {isa = PBXBuildFile; fileRef = CA7B7CE11A7341BB005E8CAB /* VRCameraViewController.m */; };
		CA7B7CEA1A7341BB005E8CAB /* ViewController.m in Sources */ = {isa = PBXBuildFile; fileRef = CA7B7CE31A7341BB005E8CAB /* ViewController.m */; };
		CA7B7CED1A7341DB005E8CAB /* AssetCollectionViewController.m in Sources */ = {isa = PBXBuildFile; fileRef = CA7B7CEC1A7341DB005E8CAB /* AssetCollectionViewController.m */; };
		CA7B7CF01A7342C1005E8CAB /* PointsOfInterestView.m in Sources */ = {isa = PBXBuildFile; fileRef = CA7B7CEF1A7342C1005E8CAB /* PointsOfInterestView.m */; };
		CA7B7CF61A742070005E8CAB /* Drawer.png in Resources */ = {isa = PBXBuildFile; fileRef = CA7B7CF31A742070005E8CAB /* Drawer.png */; };
		CA7B7CF71A742070005E8CAB /* Home200x200.png in Resources */ = {isa = PBXBuildFile; fileRef = CA7B7CF41A742070005E8CAB /* Home200x200.png */; };
		CA7B7CF81A742070005E8CAB /* SideIcons.psd in Resources */ = {isa = PBXBuildFile; fileRef = CA7B7CF51A742070005E8CAB /* SideIcons.psd */; };
		CA7B7CFA1A74208D005E8CAB /* thumbnail_280x210.jpg in Resources */ = {isa = PBXBuildFile; fileRef = CA7B7CF91A74208D005E8CAB /* thumbnail_280x210.jpg */; };
		CA7B7CFF1A7424FA005E8CAB /* BG1.png in Resources */ = {isa = PBXBuildFile; fileRef = CA7B7CFE1A7424FA005E8CAB /* BG1.png */; };
		CA7B7D021A742BFC005E8CAB /* MovingUIView.m in Sources */ = {isa = PBXBuildFile; fileRef = CA7B7D011A742BFC005E8CAB /* MovingUIView.m */; };
		CA9F7DAA19B8D00A007CAB02 /* AppDelegate.m in Sources */ = {isa = PBXBuildFile; fileRef = CA9F7DA919B8D00A007CAB02 /* AppDelegate.m */; };
		CA9F7DB019B8D00A007CAB02 /* Main.storyboard in Resources */ = {isa = PBXBuildFile; fileRef = CA9F7DAE19B8D00A007CAB02 /* Main.storyboard */; };
		CA9F7DB219B8D00A007CAB02 /* Images.xcassets in Resources */ = {isa = PBXBuildFile; fileRef = CA9F7DB119B8D00A007CAB02 /* Images.xcassets */; };
		CA9F7DBE19B8D00B007CAB02 /* RhodesTouristTests.m in Sources */ = {isa = PBXBuildFile; fileRef = CA9F7DBD19B8D00B007CAB02 /* RhodesTouristTests.m */; };
		CA9F7DC819B8D55E007CAB02 /* CoreLocation.framework in Frameworks */ = {isa = PBXBuildFile; fileRef = CA9F7DC719B8D55E007CAB02 /* CoreLocation.framework */; };
		CABFAB5A19B901CA000EC0B5 /* Building.m in Sources */ = {isa = PBXBuildFile; fileRef = CABFAB5919B901CA000EC0B5 /* Building.m */; };
		CABFAB5F19B91828000EC0B5 /* CoreMotion.framework in Frameworks */ = {isa = PBXBuildFile; fileRef = CABFAB5E19B91828000EC0B5 /* CoreMotion.framework */; };
		CAC7D42919CA1055002C0867 /* Asset.m in Sources */ = {isa = PBXBuildFile; fileRef = CAC7D42819CA1055002C0867 /* Asset.m */; };
		CADD5B2019BA469700BABDC7 /* AVFoundation.framework in Frameworks */ = {isa = PBXBuildFile; fileRef = CADD5B1F19BA469700BABDC7 /* AVFoundation.framework */; };
		CADD5B2219BA469B00BABDC7 /* AssetsLibrary.framework in Frameworks */ = {isa = PBXBuildFile; fileRef = CADD5B2119BA469B00BABDC7 /* AssetsLibrary.framework */; };
		DB2401FF1A802EAF0056469A /* main.swift in Sources */ = {isa = PBXBuildFile; fileRef = DB2401FE1A802EAF0056469A /* main.swift */; };
		DB50231C1A8017C40048F41C /* FMDatabase.m in Sources */ = {isa = PBXBuildFile; fileRef = DB5023121A8017C30048F41C /* FMDatabase.m */; };
		DB50231D1A8017C40048F41C /* FMDatabaseAdditions.m in Sources */ = {isa = PBXBuildFile; fileRef = DB5023141A8017C30048F41C /* FMDatabaseAdditions.m */; };
		DB50231E1A8017C40048F41C /* FMDatabasePool.m in Sources */ = {isa = PBXBuildFile; fileRef = DB5023161A8017C30048F41C /* FMDatabasePool.m */; };
		DB50231F1A8017C40048F41C /* FMDatabaseQueue.m in Sources */ = {isa = PBXBuildFile; fileRef = DB5023181A8017C30048F41C /* FMDatabaseQueue.m */; };
		DB5023201A8017C40048F41C /* FMResultSet.m in Sources */ = {isa = PBXBuildFile; fileRef = DB50231B1A8017C40048F41C /* FMResultSet.m */; };
		DB5023271A80184F0048F41C /* libsqlite3.dylib in Frameworks */ = {isa = PBXBuildFile; fileRef = DB5023261A80184F0048F41C /* libsqlite3.dylib */; };
		DB5023311A801C7D0048F41C /* sql.swift in Sources */ = {isa = PBXBuildFile; fileRef = DB5023301A801C7D0048F41C /* sql.swift */; };
/* End PBXBuildFile section */

/* Begin PBXContainerItemProxy section */
		CA9F7DB819B8D00B007CAB02 /* PBXContainerItemProxy */ = {
			isa = PBXContainerItemProxy;
			containerPortal = CA9F7D9919B8D00A007CAB02 /* Project object */;
			proxyType = 1;
			remoteGlobalIDString = CA9F7DA019B8D00A007CAB02;
			remoteInfo = RhodesTourist;
		};
/* End PBXContainerItemProxy section */

/* Begin PBXFileReference section */
		CA49561819F8BFB300170C1F /* AppIcon120x120.png */ = {isa = PBXFileReference; lastKnownFileType = image.png; path = AppIcon120x120.png; sourceTree = "<group>"; };
		CA49561919F8BFB300170C1F /* AppIcon180x180.png */ = {isa = PBXFileReference; lastKnownFileType = image.png; path = AppIcon180x180.png; sourceTree = "<group>"; };
		CA7B7CA21A73402F005E8CAB /* Alert.h */ = {isa = PBXFileReference; fileEncoding = 4; lastKnownFileType = sourcecode.c.h; path = Alert.h; sourceTree = "<group>"; };
		CA7B7CA31A73402F005E8CAB /* Alert.m */ = {isa = PBXFileReference; fileEncoding = 4; lastKnownFileType = sourcecode.c.objc; path = Alert.m; sourceTree = "<group>"; };
		CA7B7CA41A73402F005E8CAB /* Drawer.h */ = {isa = PBXFileReference; fileEncoding = 4; lastKnownFileType = sourcecode.c.h; path = Drawer.h; sourceTree = "<group>"; };
		CA7B7CA51A73402F005E8CAB /* Drawer.m */ = {isa = PBXFileReference; fileEncoding = 4; lastKnownFileType = sourcecode.c.objc; path = Drawer.m; sourceTree = "<group>"; };
		CA7B7CA61A73402F005E8CAB /* ProgressView.h */ = {isa = PBXFileReference; fileEncoding = 4; lastKnownFileType = sourcecode.c.h; path = ProgressView.h; sourceTree = "<group>"; };
		CA7B7CA71A73402F005E8CAB /* ProgressView.m */ = {isa = PBXFileReference; fileEncoding = 4; lastKnownFileType = sourcecode.c.objc; path = ProgressView.m; sourceTree = "<group>"; };
		CA7B7CAC1A734076005E8CAB /* WifiStatus.h */ = {isa = PBXFileReference; fileEncoding = 4; lastKnownFileType = sourcecode.c.h; path = WifiStatus.h; sourceTree = "<group>"; };
		CA7B7CAD1A734076005E8CAB /* WifiStatus.m */ = {isa = PBXFileReference; fileEncoding = 4; lastKnownFileType = sourcecode.c.objc; path = WifiStatus.m; sourceTree = "<group>"; };
		CA7B7CB01A7340B8005E8CAB /* AFHTTPRequestOperation.h */ = {isa = PBXFileReference; fileEncoding = 4; lastKnownFileType = sourcecode.c.h; path = AFHTTPRequestOperation.h; sourceTree = "<group>"; };
		CA7B7CB11A7340B8005E8CAB /* AFHTTPRequestOperation.m */ = {isa = PBXFileReference; fileEncoding = 4; lastKnownFileType = sourcecode.c.objc; path = AFHTTPRequestOperation.m; sourceTree = "<group>"; };
		CA7B7CB21A7340B8005E8CAB /* AFHTTPRequestOperationManager.h */ = {isa = PBXFileReference; fileEncoding = 4; lastKnownFileType = sourcecode.c.h; path = AFHTTPRequestOperationManager.h; sourceTree = "<group>"; };
		CA7B7CB31A7340B8005E8CAB /* AFHTTPRequestOperationManager.m */ = {isa = PBXFileReference; fileEncoding = 4; lastKnownFileType = sourcecode.c.objc; path = AFHTTPRequestOperationManager.m; sourceTree = "<group>"; };
		CA7B7CB41A7340B8005E8CAB /* AFHTTPSessionManager.h */ = {isa = PBXFileReference; fileEncoding = 4; lastKnownFileType = sourcecode.c.h; path = AFHTTPSessionManager.h; sourceTree = "<group>"; };
		CA7B7CB51A7340B8005E8CAB /* AFHTTPSessionManager.m */ = {isa = PBXFileReference; fileEncoding = 4; lastKnownFileType = sourcecode.c.objc; path = AFHTTPSessionManager.m; sourceTree = "<group>"; };
		CA7B7CB61A7340B8005E8CAB /* AFNetworking.h */ = {isa = PBXFileReference; fileEncoding = 4; lastKnownFileType = sourcecode.c.h; path = AFNetworking.h; sourceTree = "<group>"; };
		CA7B7CB71A7340B8005E8CAB /* AFNetworkReachabilityManager.h */ = {isa = PBXFileReference; fileEncoding = 4; lastKnownFileType = sourcecode.c.h; path = AFNetworkReachabilityManager.h; sourceTree = "<group>"; };
		CA7B7CB81A7340B8005E8CAB /* AFNetworkReachabilityManager.m */ = {isa = PBXFileReference; fileEncoding = 4; lastKnownFileType = sourcecode.c.objc; path = AFNetworkReachabilityManager.m; sourceTree = "<group>"; };
		CA7B7CB91A7340B8005E8CAB /* AFSecurityPolicy.h */ = {isa = PBXFileReference; fileEncoding = 4; lastKnownFileType = sourcecode.c.h; path = AFSecurityPolicy.h; sourceTree = "<group>"; };
		CA7B7CBA1A7340B8005E8CAB /* AFSecurityPolicy.m */ = {isa = PBXFileReference; fileEncoding = 4; lastKnownFileType = sourcecode.c.objc; path = AFSecurityPolicy.m; sourceTree = "<group>"; };
		CA7B7CBB1A7340B8005E8CAB /* AFURLConnectionOperation.h */ = {isa = PBXFileReference; fileEncoding = 4; lastKnownFileType = sourcecode.c.h; path = AFURLConnectionOperation.h; sourceTree = "<group>"; };
		CA7B7CBC1A7340B8005E8CAB /* AFURLConnectionOperation.m */ = {isa = PBXFileReference; fileEncoding = 4; lastKnownFileType = sourcecode.c.objc; path = AFURLConnectionOperation.m; sourceTree = "<group>"; };
		CA7B7CBD1A7340B8005E8CAB /* AFURLRequestSerialization.h */ = {isa = PBXFileReference; fileEncoding = 4; lastKnownFileType = sourcecode.c.h; path = AFURLRequestSerialization.h; sourceTree = "<group>"; };
		CA7B7CBE1A7340B8005E8CAB /* AFURLRequestSerialization.m */ = {isa = PBXFileReference; fileEncoding = 4; lastKnownFileType = sourcecode.c.objc; path = AFURLRequestSerialization.m; sourceTree = "<group>"; };
		CA7B7CBF1A7340B8005E8CAB /* AFURLResponseSerialization.h */ = {isa = PBXFileReference; fileEncoding = 4; lastKnownFileType = sourcecode.c.h; path = AFURLResponseSerialization.h; sourceTree = "<group>"; };
		CA7B7CC01A7340B8005E8CAB /* AFURLResponseSerialization.m */ = {isa = PBXFileReference; fileEncoding = 4; lastKnownFileType = sourcecode.c.objc; path = AFURLResponseSerialization.m; sourceTree = "<group>"; };
		CA7B7CC11A7340B8005E8CAB /* AFURLSessionManager.h */ = {isa = PBXFileReference; fileEncoding = 4; lastKnownFileType = sourcecode.c.h; path = AFURLSessionManager.h; sourceTree = "<group>"; };
		CA7B7CC21A7340B8005E8CAB /* AFURLSessionManager.m */ = {isa = PBXFileReference; fileEncoding = 4; lastKnownFileType = sourcecode.c.objc; path = AFURLSessionManager.m; sourceTree = "<group>"; };
		CA7B7CC31A7340B8005E8CAB /* UIImageView+AFNetworking.h */ = {isa = PBXFileReference; fileEncoding = 4; lastKnownFileType = sourcecode.c.h; path = "UIImageView+AFNetworking.h"; sourceTree = "<group>"; };
		CA7B7CC41A7340B8005E8CAB /* UIImageView+AFNetworking.m */ = {isa = PBXFileReference; fileEncoding = 4; lastKnownFileType = sourcecode.c.objc; path = "UIImageView+AFNetworking.m"; sourceTree = "<group>"; };
		CA7B7CCF1A7340D9005E8CAB /* CLLocation+Utils.h */ = {isa = PBXFileReference; fileEncoding = 4; lastKnownFileType = sourcecode.c.h; path = "CLLocation+Utils.h"; sourceTree = "<group>"; };
		CA7B7CD01A7340D9005E8CAB /* CLLocation+Utils.m */ = {isa = PBXFileReference; fileEncoding = 4; lastKnownFileType = sourcecode.c.objc; path = "CLLocation+Utils.m"; sourceTree = "<group>"; };
		CA7B7CD31A7341BB005E8CAB /* AssetViewController.h */ = {isa = PBXFileReference; fileEncoding = 4; lastKnownFileType = sourcecode.c.h; path = AssetViewController.h; sourceTree = "<group>"; };
		CA7B7CD41A7341BB005E8CAB /* AssetViewController.m */ = {isa = PBXFileReference; fileEncoding = 4; lastKnownFileType = sourcecode.c.objc; path = AssetViewController.m; sourceTree = "<group>"; };
		CA7B7CD51A7341BB005E8CAB /* DrawerTableView.h */ = {isa = PBXFileReference; fileEncoding = 4; lastKnownFileType = sourcecode.c.h; path = DrawerTableView.h; sourceTree = "<group>"; };
		CA7B7CD61A7341BB005E8CAB /* DrawerTableView.m */ = {isa = PBXFileReference; fileEncoding = 4; lastKnownFileType = sourcecode.c.objc; path = DrawerTableView.m; sourceTree = "<group>"; };
		CA7B7CDC1A7341BB005E8CAB /* AVCamPreviewView.h */ = {isa = PBXFileReference; fileEncoding = 4; lastKnownFileType = sourcecode.c.h; path = AVCamPreviewView.h; sourceTree = "<group>"; };
		CA7B7CDD1A7341BB005E8CAB /* AVCamPreviewView.m */ = {isa = PBXFileReference; fileEncoding = 4; lastKnownFileType = sourcecode.c.objc; path = AVCamPreviewView.m; sourceTree = "<group>"; };
		CA7B7CDE1A7341BB005E8CAB /* AVCamViewController.h */ = {isa = PBXFileReference; fileEncoding = 4; lastKnownFileType = sourcecode.c.h; path = AVCamViewController.h; sourceTree = "<group>"; };
		CA7B7CDF1A7341BB005E8CAB /* AVCamViewController.m */ = {isa = PBXFileReference; fileEncoding = 4; lastKnownFileType = sourcecode.c.objc; path = AVCamViewController.m; sourceTree = "<group>"; };
		CA7B7CE01A7341BB005E8CAB /* VRCameraViewController.h */ = {isa = PBXFileReference; fileEncoding = 4; lastKnownFileType = sourcecode.c.h; path = VRCameraViewController.h; sourceTree = "<group>"; };
		CA7B7CE11A7341BB005E8CAB /* VRCameraViewController.m */ = {isa = PBXFileReference; fileEncoding = 4; lastKnownFileType = sourcecode.c.objc; path = VRCameraViewController.m; sourceTree = "<group>"; };
		CA7B7CE21A7341BB005E8CAB /* ViewController.h */ = {isa = PBXFileReference; fileEncoding = 4; lastKnownFileType = sourcecode.c.h; path = ViewController.h; sourceTree = "<group>"; };
		CA7B7CE31A7341BB005E8CAB /* ViewController.m */ = {isa = PBXFileReference; fileEncoding = 4; lastKnownFileType = sourcecode.c.objc; path = ViewController.m; sourceTree = "<group>"; };
		CA7B7CEB1A7341DB005E8CAB /* AssetCollectionViewController.h */ = {isa = PBXFileReference; fileEncoding = 4; lastKnownFileType = sourcecode.c.h; path = AssetCollectionViewController.h; sourceTree = "<group>"; };
		CA7B7CEC1A7341DB005E8CAB /* AssetCollectionViewController.m */ = {isa = PBXFileReference; fileEncoding = 4; lastKnownFileType = sourcecode.c.objc; path = AssetCollectionViewController.m; sourceTree = "<group>"; };
		CA7B7CEE1A7342C1005E8CAB /* PointsOfInterestView.h */ = {isa = PBXFileReference; fileEncoding = 4; lastKnownFileType = sourcecode.c.h; path = PointsOfInterestView.h; sourceTree = "<group>"; };
		CA7B7CEF1A7342C1005E8CAB /* PointsOfInterestView.m */ = {isa = PBXFileReference; fileEncoding = 4; lastKnownFileType = sourcecode.c.objc; path = PointsOfInterestView.m; sourceTree = "<group>"; };
		CA7B7CF31A742070005E8CAB /* Drawer.png */ = {isa = PBXFileReference; lastKnownFileType = image.png; path = Drawer.png; sourceTree = "<group>"; };
		CA7B7CF41A742070005E8CAB /* Home200x200.png */ = {isa = PBXFileReference; lastKnownFileType = image.png; path = Home200x200.png; sourceTree = "<group>"; };
		CA7B7CF51A742070005E8CAB /* SideIcons.psd */ = {isa = PBXFileReference; lastKnownFileType = file; path = SideIcons.psd; sourceTree = "<group>"; };
		CA7B7CF91A74208D005E8CAB /* thumbnail_280x210.jpg */ = {isa = PBXFileReference; lastKnownFileType = image.jpeg; path = thumbnail_280x210.jpg; sourceTree = "<group>"; };
		CA7B7CFE1A7424FA005E8CAB /* BG1.png */ = {isa = PBXFileReference; lastKnownFileType = image.png; path = BG1.png; sourceTree = "<group>"; };
		CA7B7D001A742BFC005E8CAB /* MovingUIView.h */ = {isa = PBXFileReference; fileEncoding = 4; lastKnownFileType = sourcecode.c.h; path = MovingUIView.h; sourceTree = "<group>"; };
		CA7B7D011A742BFC005E8CAB /* MovingUIView.m */ = {isa = PBXFileReference; fileEncoding = 4; lastKnownFileType = sourcecode.c.objc; path = MovingUIView.m; sourceTree = "<group>"; };
		CA9F7DA119B8D00A007CAB02 /* RhodesTourist.app */ = {isa = PBXFileReference; explicitFileType = wrapper.application; includeInIndex = 0; path = RhodesTourist.app; sourceTree = BUILT_PRODUCTS_DIR; };
		CA9F7DA519B8D00A007CAB02 /* Info.plist */ = {isa = PBXFileReference; lastKnownFileType = text.plist.xml; path = Info.plist; sourceTree = "<group>"; };
		CA9F7DA819B8D00A007CAB02 /* AppDelegate.h */ = {isa = PBXFileReference; lastKnownFileType = sourcecode.c.h; path = AppDelegate.h; sourceTree = "<group>"; };
		CA9F7DA919B8D00A007CAB02 /* AppDelegate.m */ = {isa = PBXFileReference; lastKnownFileType = sourcecode.c.objc; path = AppDelegate.m; sourceTree = "<group>"; };
		CA9F7DAF19B8D00A007CAB02 /* Base */ = {isa = PBXFileReference; lastKnownFileType = file.storyboard; name = Base; path = Base.lproj/Main.storyboard; sourceTree = "<group>"; };
		CA9F7DB119B8D00A007CAB02 /* Images.xcassets */ = {isa = PBXFileReference; lastKnownFileType = folder.assetcatalog; path = Images.xcassets; sourceTree = "<group>"; };
		CA9F7DB719B8D00B007CAB02 /* RhodesTouristTests.xctest */ = {isa = PBXFileReference; explicitFileType = wrapper.cfbundle; includeInIndex = 0; path = RhodesTouristTests.xctest; sourceTree = BUILT_PRODUCTS_DIR; };
		CA9F7DBC19B8D00B007CAB02 /* Info.plist */ = {isa = PBXFileReference; lastKnownFileType = text.plist.xml; path = Info.plist; sourceTree = "<group>"; };
		CA9F7DBD19B8D00B007CAB02 /* RhodesTouristTests.m */ = {isa = PBXFileReference; lastKnownFileType = sourcecode.c.objc; path = RhodesTouristTests.m; sourceTree = "<group>"; };
		CA9F7DC719B8D55E007CAB02 /* CoreLocation.framework */ = {isa = PBXFileReference; lastKnownFileType = wrapper.framework; name = CoreLocation.framework; path = System/Library/Frameworks/CoreLocation.framework; sourceTree = SDKROOT; };
		CABFAB5319B8F8E9000EC0B5 /* MapKit.framework */ = {isa = PBXFileReference; lastKnownFileType = wrapper.framework; name = MapKit.framework; path = System/Library/Frameworks/MapKit.framework; sourceTree = SDKROOT; };
		CABFAB5819B901CA000EC0B5 /* Building.h */ = {isa = PBXFileReference; fileEncoding = 4; lastKnownFileType = sourcecode.c.h; path = Building.h; sourceTree = "<group>"; };
		CABFAB5919B901CA000EC0B5 /* Building.m */ = {isa = PBXFileReference; fileEncoding = 4; lastKnownFileType = sourcecode.c.objc; path = Building.m; sourceTree = "<group>"; };
		CABFAB5E19B91828000EC0B5 /* CoreMotion.framework */ = {isa = PBXFileReference; lastKnownFileType = wrapper.framework; name = CoreMotion.framework; path = System/Library/Frameworks/CoreMotion.framework; sourceTree = SDKROOT; };
		CAC7D42719CA1055002C0867 /* Asset.h */ = {isa = PBXFileReference; fileEncoding = 4; lastKnownFileType = sourcecode.c.h; path = Asset.h; sourceTree = "<group>"; };
		CAC7D42819CA1055002C0867 /* Asset.m */ = {isa = PBXFileReference; fileEncoding = 4; lastKnownFileType = sourcecode.c.objc; path = Asset.m; sourceTree = "<group>"; };
		CADD5B1F19BA469700BABDC7 /* AVFoundation.framework */ = {isa = PBXFileReference; lastKnownFileType = wrapper.framework; name = AVFoundation.framework; path = System/Library/Frameworks/AVFoundation.framework; sourceTree = SDKROOT; };
		CADD5B2119BA469B00BABDC7 /* AssetsLibrary.framework */ = {isa = PBXFileReference; lastKnownFileType = wrapper.framework; name = AssetsLibrary.framework; path = System/Library/Frameworks/AssetsLibrary.framework; sourceTree = SDKROOT; };
		DB2401FB1A802D460056469A /* bridging.h */ = {isa = PBXFileReference; fileEncoding = 4; lastKnownFileType = sourcecode.c.h; path = bridging.h; sourceTree = "<group>"; };
		DB2401FE1A802EAF0056469A /* main.swift */ = {isa = PBXFileReference; fileEncoding = 4; lastKnownFileType = sourcecode.swift; path = main.swift; sourceTree = "<group>"; };
		DB5023111A8017C30048F41C /* FMDatabase.h */ = {isa = PBXFileReference; fileEncoding = 4; lastKnownFileType = sourcecode.c.h; name = FMDatabase.h; path = Externals/SQL/src/fmdb/FMDatabase.h; sourceTree = "<group>"; };
		DB5023121A8017C30048F41C /* FMDatabase.m */ = {isa = PBXFileReference; fileEncoding = 4; lastKnownFileType = sourcecode.c.objc; name = FMDatabase.m; path = Externals/SQL/src/fmdb/FMDatabase.m; sourceTree = "<group>"; };
		DB5023131A8017C30048F41C /* FMDatabaseAdditions.h */ = {isa = PBXFileReference; fileEncoding = 4; lastKnownFileType = sourcecode.c.h; name = FMDatabaseAdditions.h; path = Externals/SQL/src/fmdb/FMDatabaseAdditions.h; sourceTree = "<group>"; };
		DB5023141A8017C30048F41C /* FMDatabaseAdditions.m */ = {isa = PBXFileReference; fileEncoding = 4; lastKnownFileType = sourcecode.c.objc; name = FMDatabaseAdditions.m; path = Externals/SQL/src/fmdb/FMDatabaseAdditions.m; sourceTree = "<group>"; };
		DB5023151A8017C30048F41C /* FMDatabasePool.h */ = {isa = PBXFileReference; fileEncoding = 4; lastKnownFileType = sourcecode.c.h; name = FMDatabasePool.h; path = Externals/SQL/src/fmdb/FMDatabasePool.h; sourceTree = "<group>"; };
		DB5023161A8017C30048F41C /* FMDatabasePool.m */ = {isa = PBXFileReference; fileEncoding = 4; lastKnownFileType = sourcecode.c.objc; name = FMDatabasePool.m; path = Externals/SQL/src/fmdb/FMDatabasePool.m; sourceTree = "<group>"; };
		DB5023171A8017C30048F41C /* FMDatabaseQueue.h */ = {isa = PBXFileReference; fileEncoding = 4; lastKnownFileType = sourcecode.c.h; name = FMDatabaseQueue.h; path = Externals/SQL/src/fmdb/FMDatabaseQueue.h; sourceTree = "<group>"; };
		DB5023181A8017C30048F41C /* FMDatabaseQueue.m */ = {isa = PBXFileReference; fileEncoding = 4; lastKnownFileType = sourcecode.c.objc; name = FMDatabaseQueue.m; path = Externals/SQL/src/fmdb/FMDatabaseQueue.m; sourceTree = "<group>"; };
		DB5023191A8017C30048F41C /* FMDB.h */ = {isa = PBXFileReference; fileEncoding = 4; lastKnownFileType = sourcecode.c.h; name = FMDB.h; path = Externals/SQL/src/fmdb/FMDB.h; sourceTree = "<group>"; };
		DB50231A1A8017C30048F41C /* FMResultSet.h */ = {isa = PBXFileReference; fileEncoding = 4; lastKnownFileType = sourcecode.c.h; name = FMResultSet.h; path = Externals/SQL/src/fmdb/FMResultSet.h; sourceTree = "<group>"; };
		DB50231B1A8017C40048F41C /* FMResultSet.m */ = {isa = PBXFileReference; fileEncoding = 4; lastKnownFileType = sourcecode.c.objc; name = FMResultSet.m; path = Externals/SQL/src/fmdb/FMResultSet.m; sourceTree = "<group>"; };
		DB5023261A80184F0048F41C /* libsqlite3.dylib */ = {isa = PBXFileReference; lastKnownFileType = "compiled.mach-o.dylib"; name = libsqlite3.dylib; path = usr/lib/libsqlite3.dylib; sourceTree = SDKROOT; };
		DB5023301A801C7D0048F41C /* sql.swift */ = {isa = PBXFileReference; fileEncoding = 4; lastKnownFileType = sourcecode.swift; path = sql.swift; sourceTree = "<group>"; };
/* End PBXFileReference section */

/* Begin PBXFrameworksBuildPhase section */
		CA9F7D9E19B8D00A007CAB02 /* Frameworks */ = {
			isa = PBXFrameworksBuildPhase;
			buildActionMask = 2147483647;
			files = (
				DB5023271A80184F0048F41C /* libsqlite3.dylib in Frameworks */,
				CADD5B2219BA469B00BABDC7 /* AssetsLibrary.framework in Frameworks */,
				CADD5B2019BA469700BABDC7 /* AVFoundation.framework in Frameworks */,
				CABFAB5F19B91828000EC0B5 /* CoreMotion.framework in Frameworks */,
				CA9F7DC819B8D55E007CAB02 /* CoreLocation.framework in Frameworks */,
			);
			runOnlyForDeploymentPostprocessing = 0;
		};
		CA9F7DB419B8D00B007CAB02 /* Frameworks */ = {
			isa = PBXFrameworksBuildPhase;
			buildActionMask = 2147483647;
			files = (
			);
			runOnlyForDeploymentPostprocessing = 0;
		};
/* End PBXFrameworksBuildPhase section */

/* Begin PBXGroup section */
		CA49561719F8BFB300170C1F /* Icons */ = {
			isa = PBXGroup;
			children = (
				CA49561819F8BFB300170C1F /* AppIcon120x120.png */,
				CA49561919F8BFB300170C1F /* AppIcon180x180.png */,
			);
			path = Icons;
			sourceTree = "<group>";
		};
		CA7B7CA11A733FE8005E8CAB /* Interface */ = {
			isa = PBXGroup;
			children = (
				CA7B7CA21A73402F005E8CAB /* Alert.h */,
				CA7B7CA31A73402F005E8CAB /* Alert.m */,
				CA7B7CA41A73402F005E8CAB /* Drawer.h */,
				CA7B7CA51A73402F005E8CAB /* Drawer.m */,
				CA7B7CA61A73402F005E8CAB /* ProgressView.h */,
				CA7B7CA71A73402F005E8CAB /* ProgressView.m */,
				CA7B7D001A742BFC005E8CAB /* MovingUIView.h */,
				CA7B7D011A742BFC005E8CAB /* MovingUIView.m */,
			);
			path = Interface;
			sourceTree = "<group>";
		};
		CA7B7CAB1A734052005E8CAB /* Utility */ = {
			isa = PBXGroup;
			children = (
				CA7B7CAC1A734076005E8CAB /* WifiStatus.h */,
				CA7B7CAD1A734076005E8CAB /* WifiStatus.m */,
				CA7B7CCF1A7340D9005E8CAB /* CLLocation+Utils.h */,
				CA7B7CD01A7340D9005E8CAB /* CLLocation+Utils.m */,
			);
			path = Utility;
			sourceTree = "<group>";
		};
		CA7B7CAF1A7340B8005E8CAB /* AFNetworking */ = {
			isa = PBXGroup;
			children = (
				CA7B7CB01A7340B8005E8CAB /* AFHTTPRequestOperation.h */,
				CA7B7CB11A7340B8005E8CAB /* AFHTTPRequestOperation.m */,
				CA7B7CB21A7340B8005E8CAB /* AFHTTPRequestOperationManager.h */,
				CA7B7CB31A7340B8005E8CAB /* AFHTTPRequestOperationManager.m */,
				CA7B7CB41A7340B8005E8CAB /* AFHTTPSessionManager.h */,
				CA7B7CB51A7340B8005E8CAB /* AFHTTPSessionManager.m */,
				CA7B7CB61A7340B8005E8CAB /* AFNetworking.h */,
				CA7B7CB71A7340B8005E8CAB /* AFNetworkReachabilityManager.h */,
				CA7B7CB81A7340B8005E8CAB /* AFNetworkReachabilityManager.m */,
				CA7B7CB91A7340B8005E8CAB /* AFSecurityPolicy.h */,
				CA7B7CBA1A7340B8005E8CAB /* AFSecurityPolicy.m */,
				CA7B7CBB1A7340B8005E8CAB /* AFURLConnectionOperation.h */,
				CA7B7CBC1A7340B8005E8CAB /* AFURLConnectionOperation.m */,
				CA7B7CBD1A7340B8005E8CAB /* AFURLRequestSerialization.h */,
				CA7B7CBE1A7340B8005E8CAB /* AFURLRequestSerialization.m */,
				CA7B7CBF1A7340B8005E8CAB /* AFURLResponseSerialization.h */,
				CA7B7CC01A7340B8005E8CAB /* AFURLResponseSerialization.m */,
				CA7B7CC11A7340B8005E8CAB /* AFURLSessionManager.h */,
				CA7B7CC21A7340B8005E8CAB /* AFURLSessionManager.m */,
				CA7B7CC31A7340B8005E8CAB /* UIImageView+AFNetworking.h */,
				CA7B7CC41A7340B8005E8CAB /* UIImageView+AFNetworking.m */,
			);
			path = AFNetworking;
			sourceTree = "<group>";
		};
		CA7B7CD21A7341BB005E8CAB /* View Controllers */ = {
			isa = PBXGroup;
			children = (
				CA7B7CE21A7341BB005E8CAB /* ViewController.h */,
				CA7B7CE31A7341BB005E8CAB /* ViewController.m */,
				CA7B7CD31A7341BB005E8CAB /* AssetViewController.h */,
				CA7B7CD41A7341BB005E8CAB /* AssetViewController.m */,
				CA7B7CD51A7341BB005E8CAB /* DrawerTableView.h */,
				CA7B7CD61A7341BB005E8CAB /* DrawerTableView.m */,
				CA7B7CD71A7341BB005E8CAB /* Information Views */,
				CA7B7CD81A7341BB005E8CAB /* Sub Views */,
			);
			path = "View Controllers";
			sourceTree = "<group>";
		};
		CA7B7CD71A7341BB005E8CAB /* Information Views */ = {
			isa = PBXGroup;
			children = (
				CA7B7CEB1A7341DB005E8CAB /* AssetCollectionViewController.h */,
				CA7B7CEC1A7341DB005E8CAB /* AssetCollectionViewController.m */,
			);
			path = "Information Views";
			sourceTree = "<group>";
		};
		CA7B7CD81A7341BB005E8CAB /* Sub Views */ = {
			isa = PBXGroup;
			children = (
				CA7B7CE01A7341BB005E8CAB /* VRCameraViewController.h */,
				CA7B7CE11A7341BB005E8CAB /* VRCameraViewController.m */,
				CA7B7CDB1A7341BB005E8CAB /* VRCameraSub */,
				CA7B7CEE1A7342C1005E8CAB /* PointsOfInterestView.h */,
				CA7B7CEF1A7342C1005E8CAB /* PointsOfInterestView.m */,
			);
			path = "Sub Views";
			sourceTree = "<group>";
		};
		CA7B7CDB1A7341BB005E8CAB /* VRCameraSub */ = {
			isa = PBXGroup;
			children = (
				CA7B7CDC1A7341BB005E8CAB /* AVCamPreviewView.h */,
				CA7B7CDD1A7341BB005E8CAB /* AVCamPreviewView.m */,
				CA7B7CDE1A7341BB005E8CAB /* AVCamViewController.h */,
				CA7B7CDF1A7341BB005E8CAB /* AVCamViewController.m */,
			);
			path = VRCameraSub;
			sourceTree = "<group>";
		};
		CA7B7CF21A742070005E8CAB /* Images */ = {
			isa = PBXGroup;
			children = (
				CA7B7CFD1A7423A4005E8CAB /* Drawer */,
				CA7B7CFB1A742387005E8CAB /* Backgrounds */,
				CA7B7CF91A74208D005E8CAB /* thumbnail_280x210.jpg */,
				CA7B7CF31A742070005E8CAB /* Drawer.png */,
				CA7B7CF41A742070005E8CAB /* Home200x200.png */,
				CA7B7CF51A742070005E8CAB /* SideIcons.psd */,
			);
			path = Images;
			sourceTree = "<group>";
		};
		CA7B7CFB1A742387005E8CAB /* Backgrounds */ = {
			isa = PBXGroup;
			children = (
				CA7B7CFE1A7424FA005E8CAB /* BG1.png */,
			);
			path = Backgrounds;
			sourceTree = "<group>";
		};
		CA7B7CFD1A7423A4005E8CAB /* Drawer */ = {
			isa = PBXGroup;
			children = (
			);
			path = Drawer;
			sourceTree = "<group>";
		};
		CA9F7D9819B8D00A007CAB02 = {
			isa = PBXGroup;
			children = (
				DB5023261A80184F0048F41C /* libsqlite3.dylib */,
				DB5023111A8017C30048F41C /* FMDatabase.h */,
				DB5023121A8017C30048F41C /* FMDatabase.m */,
				DB5023131A8017C30048F41C /* FMDatabaseAdditions.h */,
				DB5023141A8017C30048F41C /* FMDatabaseAdditions.m */,
				DB5023151A8017C30048F41C /* FMDatabasePool.h */,
				DB5023161A8017C30048F41C /* FMDatabasePool.m */,
				DB5023171A8017C30048F41C /* FMDatabaseQueue.h */,
				DB5023181A8017C30048F41C /* FMDatabaseQueue.m */,
				DB5023191A8017C30048F41C /* FMDB.h */,
				DB50231A1A8017C30048F41C /* FMResultSet.h */,
				DB50231B1A8017C40048F41C /* FMResultSet.m */,
				CADD5B2119BA469B00BABDC7 /* AssetsLibrary.framework */,
				CADD5B1F19BA469700BABDC7 /* AVFoundation.framework */,
				CABFAB5E19B91828000EC0B5 /* CoreMotion.framework */,
				CABFAB5319B8F8E9000EC0B5 /* MapKit.framework */,
				CA9F7DC719B8D55E007CAB02 /* CoreLocation.framework */,
				CA9F7DA319B8D00A007CAB02 /* RhodesTourist */,
				CA9F7DBA19B8D00B007CAB02 /* RhodesTouristTests */,
				CA9F7DA219B8D00A007CAB02 /* Products */,
			);
			sourceTree = "<group>";
		};
		CA9F7DA219B8D00A007CAB02 /* Products */ = {
			isa = PBXGroup;
			children = (
				CA9F7DA119B8D00A007CAB02 /* RhodesTourist.app */,
				CA9F7DB719B8D00B007CAB02 /* RhodesTouristTests.xctest */,
			);
			name = Products;
			sourceTree = "<group>";
		};
		CA9F7DA319B8D00A007CAB02 /* RhodesTourist */ = {
			isa = PBXGroup;
			children = (
				DB2401FE1A802EAF0056469A /* main.swift */,
				DB2401FB1A802D460056469A /* bridging.h */,
				CA7B7CAB1A734052005E8CAB /* Utility */,
				CA7B7CA11A733FE8005E8CAB /* Interface */,
				CA7B7CD21A7341BB005E8CAB /* View Controllers */,
				CA7B7CAF1A7340B8005E8CAB /* AFNetworking */,
				CA9F7DAE19B8D00A007CAB02 /* Main.storyboard */,
				CA9F7DA819B8D00A007CAB02 /* AppDelegate.h */,
				CA9F7DA919B8D00A007CAB02 /* AppDelegate.m */,
				DB5023301A801C7D0048F41C /* sql.swift */,
				CABFAB5819B901CA000EC0B5 /* Building.h */,
				CABFAB5919B901CA000EC0B5 /* Building.m */,
				CAC7D42719CA1055002C0867 /* Asset.h */,
				CAC7D42819CA1055002C0867 /* Asset.m */,
				CA7B7CF21A742070005E8CAB /* Images */,
				CA49561719F8BFB300170C1F /* Icons */,
				CA9F7DB119B8D00A007CAB02 /* Images.xcassets */,
				CA9F7DA419B8D00A007CAB02 /* Supporting Files */,
			);
			path = RhodesTourist;
			sourceTree = "<group>";
		};
		CA9F7DA419B8D00A007CAB02 /* Supporting Files */ = {
			isa = PBXGroup;
			children = (
				CA9F7DA519B8D00A007CAB02 /* Info.plist */,
			);
			name = "Supporting Files";
			sourceTree = "<group>";
		};
		CA9F7DBA19B8D00B007CAB02 /* RhodesTouristTests */ = {
			isa = PBXGroup;
			children = (
				CA9F7DBD19B8D00B007CAB02 /* RhodesTouristTests.m */,
				CA9F7DBB19B8D00B007CAB02 /* Supporting Files */,
			);
			path = RhodesTouristTests;
			sourceTree = "<group>";
		};
		CA9F7DBB19B8D00B007CAB02 /* Supporting Files */ = {
			isa = PBXGroup;
			children = (
				CA9F7DBC19B8D00B007CAB02 /* Info.plist */,
			);
			name = "Supporting Files";
			sourceTree = "<group>";
		};
/* End PBXGroup section */

/* Begin PBXNativeTarget section */
		CA9F7DA019B8D00A007CAB02 /* RhodesTourist */ = {
			isa = PBXNativeTarget;
			buildConfigurationList = CA9F7DC119B8D00B007CAB02 /* Build configuration list for PBXNativeTarget "RhodesTourist" */;
			buildPhases = (
				CA9F7D9D19B8D00A007CAB02 /* Sources */,
				CA9F7D9E19B8D00A007CAB02 /* Frameworks */,
				CA9F7D9F19B8D00A007CAB02 /* Resources */,
			);
			buildRules = (
			);
			dependencies = (
			);
			name = RhodesTourist;
			productName = RhodesTourist;
			productReference = CA9F7DA119B8D00A007CAB02 /* RhodesTourist.app */;
			productType = "com.apple.product-type.application";
		};
		CA9F7DB619B8D00B007CAB02 /* RhodesTouristTests */ = {
			isa = PBXNativeTarget;
			buildConfigurationList = CA9F7DC419B8D00B007CAB02 /* Build configuration list for PBXNativeTarget "RhodesTouristTests" */;
			buildPhases = (
				CA9F7DB319B8D00B007CAB02 /* Sources */,
				CA9F7DB419B8D00B007CAB02 /* Frameworks */,
				CA9F7DB519B8D00B007CAB02 /* Resources */,
			);
			buildRules = (
			);
			dependencies = (
				CA9F7DB919B8D00B007CAB02 /* PBXTargetDependency */,
			);
			name = RhodesTouristTests;
			productName = RhodesTouristTests;
			productReference = CA9F7DB719B8D00B007CAB02 /* RhodesTouristTests.xctest */;
			productType = "com.apple.product-type.bundle.unit-test";
		};
/* End PBXNativeTarget section */

/* Begin PBXProject section */
		CA9F7D9919B8D00A007CAB02 /* Project object */ = {
			isa = PBXProject;
			attributes = {
				LastUpgradeCheck = 0600;
				ORGANIZATIONNAME = "Apprentice Media LLC";
				TargetAttributes = {
					CA9F7DA019B8D00A007CAB02 = {
						CreatedOnToolsVersion = 6.0;
						DevelopmentTeam = SKR86JPKN3;
					};
					CA9F7DB619B8D00B007CAB02 = {
						CreatedOnToolsVersion = 6.0;
						TestTargetID = CA9F7DA019B8D00A007CAB02;
					};
				};
			};
			buildConfigurationList = CA9F7D9C19B8D00A007CAB02 /* Build configuration list for PBXProject "RhodesTourist" */;
			compatibilityVersion = "Xcode 3.2";
			developmentRegion = English;
			hasScannedForEncodings = 0;
			knownRegions = (
				en,
				Base,
			);
			mainGroup = CA9F7D9819B8D00A007CAB02;
			productRefGroup = CA9F7DA219B8D00A007CAB02 /* Products */;
			projectDirPath = "";
			projectRoot = "";
			targets = (
				CA9F7DA019B8D00A007CAB02 /* RhodesTourist */,
				CA9F7DB619B8D00B007CAB02 /* RhodesTouristTests */,
			);
		};
/* End PBXProject section */

/* Begin PBXResourcesBuildPhase section */
		CA9F7D9F19B8D00A007CAB02 /* Resources */ = {
			isa = PBXResourcesBuildPhase;
			buildActionMask = 2147483647;
			files = (
				CA7B7CF61A742070005E8CAB /* Drawer.png in Resources */,
				CA9F7DB019B8D00A007CAB02 /* Main.storyboard in Resources */,
				CA49561B19F8BFB300170C1F /* AppIcon180x180.png in Resources */,
				CA7B7CFF1A7424FA005E8CAB /* BG1.png in Resources */,
				CA7B7CF81A742070005E8CAB /* SideIcons.psd in Resources */,
				CA7B7CFA1A74208D005E8CAB /* thumbnail_280x210.jpg in Resources */,
				CA49561A19F8BFB300170C1F /* AppIcon120x120.png in Resources */,
				CA7B7CF71A742070005E8CAB /* Home200x200.png in Resources */,
				CA9F7DB219B8D00A007CAB02 /* Images.xcassets in Resources */,
			);
			runOnlyForDeploymentPostprocessing = 0;
		};
		CA9F7DB519B8D00B007CAB02 /* Resources */ = {
			isa = PBXResourcesBuildPhase;
			buildActionMask = 2147483647;
			files = (
			);
			runOnlyForDeploymentPostprocessing = 0;
		};
/* End PBXResourcesBuildPhase section */

/* Begin PBXSourcesBuildPhase section */
		CA9F7D9D19B8D00A007CAB02 /* Sources */ = {
			isa = PBXSourcesBuildPhase;
			buildActionMask = 2147483647;
			files = (
				CA7B7CC51A7340B8005E8CAB /* AFHTTPRequestOperation.m in Sources */,
				CA7B7CE91A7341BB005E8CAB /* VRCameraViewController.m in Sources */,
				DB2401FF1A802EAF0056469A /* main.swift in Sources */,
				CA7B7CE41A7341BB005E8CAB /* AssetViewController.m in Sources */,
				CA7B7CD11A7340D9005E8CAB /* CLLocation+Utils.m in Sources */,
				CA9F7DAA19B8D00A007CAB02 /* AppDelegate.m in Sources */,
				CA7B7CE81A7341BB005E8CAB /* AVCamViewController.m in Sources */,
				CA7B7CAE1A734076005E8CAB /* WifiStatus.m in Sources */,
				DB50231C1A8017C40048F41C /* FMDatabase.m in Sources */,
				CA7B7CA81A73402F005E8CAB /* Alert.m in Sources */,
				CA7B7CC71A7340B8005E8CAB /* AFHTTPSessionManager.m in Sources */,
				CA7B7CC81A7340B8005E8CAB /* AFNetworkReachabilityManager.m in Sources */,
				CA7B7CCD1A7340B8005E8CAB /* AFURLSessionManager.m in Sources */,
				CA7B7CCA1A7340B8005E8CAB /* AFURLConnectionOperation.m in Sources */,
				DB50231E1A8017C40048F41C /* FMDatabasePool.m in Sources */,
				CA7B7CED1A7341DB005E8CAB /* AssetCollectionViewController.m in Sources */,
				CA7B7CEA1A7341BB005E8CAB /* ViewController.m in Sources */,
				CA7B7CCC1A7340B8005E8CAB /* AFURLResponseSerialization.m in Sources */,
				CA7B7CCE1A7340B8005E8CAB /* UIImageView+AFNetworking.m in Sources */,
				CA7B7CAA1A73402F005E8CAB /* ProgressView.m in Sources */,
				CA7B7CCB1A7340B8005E8CAB /* AFURLRequestSerialization.m in Sources */,
				CABFAB5A19B901CA000EC0B5 /* Building.m in Sources */,
				CAC7D42919CA1055002C0867 /* Asset.m in Sources */,
				CA7B7CE71A7341BB005E8CAB /* AVCamPreviewView.m in Sources */,
				DB5023311A801C7D0048F41C /* sql.swift in Sources */,
				CA7B7CF01A7342C1005E8CAB /* PointsOfInterestView.m in Sources */,
				DB50231F1A8017C40048F41C /* FMDatabaseQueue.m in Sources */,
				CA7B7CC61A7340B8005E8CAB /* AFHTTPRequestOperationManager.m in Sources */,
				CA7B7CC91A7340B8005E8CAB /* AFSecurityPolicy.m in Sources */,
				CA7B7CE51A7341BB005E8CAB /* DrawerTableView.m in Sources */,
				CA7B7D021A742BFC005E8CAB /* MovingUIView.m in Sources */,
				DB5023201A8017C40048F41C /* FMResultSet.m in Sources */,
				CA7B7CA91A73402F005E8CAB /* Drawer.m in Sources */,
				DB50231D1A8017C40048F41C /* FMDatabaseAdditions.m in Sources */,
			);
			runOnlyForDeploymentPostprocessing = 0;
		};
		CA9F7DB319B8D00B007CAB02 /* Sources */ = {
			isa = PBXSourcesBuildPhase;
			buildActionMask = 2147483647;
			files = (
				CA9F7DBE19B8D00B007CAB02 /* RhodesTouristTests.m in Sources */,
			);
			runOnlyForDeploymentPostprocessing = 0;
		};
/* End PBXSourcesBuildPhase section */

/* Begin PBXTargetDependency section */
		CA9F7DB919B8D00B007CAB02 /* PBXTargetDependency */ = {
			isa = PBXTargetDependency;
			target = CA9F7DA019B8D00A007CAB02 /* RhodesTourist */;
			targetProxy = CA9F7DB819B8D00B007CAB02 /* PBXContainerItemProxy */;
		};
/* End PBXTargetDependency section */

/* Begin PBXVariantGroup section */
		CA9F7DAE19B8D00A007CAB02 /* Main.storyboard */ = {
			isa = PBXVariantGroup;
			children = (
				CA9F7DAF19B8D00A007CAB02 /* Base */,
			);
			name = Main.storyboard;
			sourceTree = "<group>";
		};
/* End PBXVariantGroup section */

/* Begin XCBuildConfiguration section */
		CA9F7DBF19B8D00B007CAB02 /* Debug */ = {
			isa = XCBuildConfiguration;
			buildSettings = {
				ALWAYS_SEARCH_USER_PATHS = NO;
				CLANG_CXX_LANGUAGE_STANDARD = "gnu++0x";
				CLANG_CXX_LIBRARY = "libc++";
				CLANG_ENABLE_MODULES = YES;
				CLANG_ENABLE_OBJC_ARC = YES;
				CLANG_WARN_BOOL_CONVERSION = YES;
				CLANG_WARN_CONSTANT_CONVERSION = YES;
				CLANG_WARN_DIRECT_OBJC_ISA_USAGE = YES_ERROR;
				CLANG_WARN_EMPTY_BODY = YES;
				CLANG_WARN_ENUM_CONVERSION = YES;
				CLANG_WARN_INT_CONVERSION = YES;
				CLANG_WARN_OBJC_ROOT_CLASS = YES_ERROR;
				CLANG_WARN_UNREACHABLE_CODE = YES;
				CLANG_WARN__DUPLICATE_METHOD_MATCH = YES;
				"CODE_SIGN_IDENTITY[sdk=iphoneos*]" = "iPhone Developer";
				COPY_PHASE_STRIP = NO;
				ENABLE_STRICT_OBJC_MSGSEND = YES;
				GCC_C_LANGUAGE_STANDARD = gnu99;
				GCC_DYNAMIC_NO_PIC = NO;
				GCC_OPTIMIZATION_LEVEL = 0;
				GCC_PREPROCESSOR_DEFINITIONS = (
					"DEBUG=1",
					"$(inherited)",
				);
				GCC_SYMBOLS_PRIVATE_EXTERN = NO;
				GCC_WARN_64_TO_32_BIT_CONVERSION = YES;
				GCC_WARN_ABOUT_RETURN_TYPE = YES_ERROR;
				GCC_WARN_UNDECLARED_SELECTOR = YES;
				GCC_WARN_UNINITIALIZED_AUTOS = YES_AGGRESSIVE;
				GCC_WARN_UNUSED_FUNCTION = YES;
				GCC_WARN_UNUSED_VARIABLE = YES;
				IPHONEOS_DEPLOYMENT_TARGET = 8.0;
				MTL_ENABLE_DEBUG_INFO = YES;
				ONLY_ACTIVE_ARCH = YES;
				SDKROOT = iphoneos;
				TARGETED_DEVICE_FAMILY = "1,2";
			};
			name = Debug;
		};
		CA9F7DC019B8D00B007CAB02 /* Release */ = {
			isa = XCBuildConfiguration;
			buildSettings = {
				ALWAYS_SEARCH_USER_PATHS = NO;
				CLANG_CXX_LANGUAGE_STANDARD = "gnu++0x";
				CLANG_CXX_LIBRARY = "libc++";
				CLANG_ENABLE_MODULES = YES;
				CLANG_ENABLE_OBJC_ARC = YES;
				CLANG_WARN_BOOL_CONVERSION = YES;
				CLANG_WARN_CONSTANT_CONVERSION = YES;
				CLANG_WARN_DIRECT_OBJC_ISA_USAGE = YES_ERROR;
				CLANG_WARN_EMPTY_BODY = YES;
				CLANG_WARN_ENUM_CONVERSION = YES;
				CLANG_WARN_INT_CONVERSION = YES;
				CLANG_WARN_OBJC_ROOT_CLASS = YES_ERROR;
				CLANG_WARN_UNREACHABLE_CODE = YES;
				CLANG_WARN__DUPLICATE_METHOD_MATCH = YES;
				"CODE_SIGN_IDENTITY[sdk=iphoneos*]" = "iPhone Developer";
				COPY_PHASE_STRIP = YES;
				ENABLE_NS_ASSERTIONS = NO;
				ENABLE_STRICT_OBJC_MSGSEND = YES;
				GCC_C_LANGUAGE_STANDARD = gnu99;
				GCC_WARN_64_TO_32_BIT_CONVERSION = YES;
				GCC_WARN_ABOUT_RETURN_TYPE = YES_ERROR;
				GCC_WARN_UNDECLARED_SELECTOR = YES;
				GCC_WARN_UNINITIALIZED_AUTOS = YES_AGGRESSIVE;
				GCC_WARN_UNUSED_FUNCTION = YES;
				GCC_WARN_UNUSED_VARIABLE = YES;
				IPHONEOS_DEPLOYMENT_TARGET = 8.0;
				MTL_ENABLE_DEBUG_INFO = NO;
				SDKROOT = iphoneos;
				TARGETED_DEVICE_FAMILY = "1,2";
				VALIDATE_PRODUCT = YES;
			};
			name = Release;
		};
		CA9F7DC219B8D00B007CAB02 /* Debug */ = {
			isa = XCBuildConfiguration;
			buildSettings = {
				ASSETCATALOG_COMPILER_APPICON_NAME = AppIcon;
				ASSETCATALOG_COMPILER_LAUNCHIMAGE_NAME = LaunchImage;
				CLANG_ENABLE_MODULES = YES;
				CODE_SIGN_IDENTITY = "iPhone Developer";
				INFOPLIST_FILE = RhodesTourist/Info.plist;
				IPHONEOS_DEPLOYMENT_TARGET = 8.0;
				LD_RUNPATH_SEARCH_PATHS = "$(inherited) @executable_path/Frameworks";
				PRODUCT_NAME = RhodesTourist;
				SWIFT_OBJC_BRIDGING_HEADER = RhodesTourist/bridging.h;
				SWIFT_OPTIMIZATION_LEVEL = "-Onone";
				TARGETED_DEVICE_FAMILY = 1;
			};
			name = Debug;
		};
		CA9F7DC319B8D00B007CAB02 /* Release */ = {
			isa = XCBuildConfiguration;
			buildSettings = {
				ASSETCATALOG_COMPILER_APPICON_NAME = AppIcon;
				ASSETCATALOG_COMPILER_LAUNCHIMAGE_NAME = LaunchImage;
				CLANG_ENABLE_MODULES = YES;
				CODE_SIGN_IDENTITY = "iPhone Developer";
				INFOPLIST_FILE = RhodesTourist/Info.plist;
				IPHONEOS_DEPLOYMENT_TARGET = 8.0;
				LD_RUNPATH_SEARCH_PATHS = "$(inherited) @executable_path/Frameworks";
				PRODUCT_NAME = RhodesTourist;
				SWIFT_OBJC_BRIDGING_HEADER = RhodesTourist/bridging.h;
				TARGETED_DEVICE_FAMILY = 1;
			};
			name = Release;
		};
		CA9F7DC519B8D00B007CAB02 /* Debug */ = {
			isa = XCBuildConfiguration;
			buildSettings = {
				BUNDLE_LOADER = "$(BUILT_PRODUCTS_DIR)/RhodesTourist.app/RhodesTourist";
				FRAMEWORK_SEARCH_PATHS = (
					"$(SDKROOT)/Developer/Library/Frameworks",
					"$(inherited)",
				);
				GCC_PREPROCESSOR_DEFINITIONS = (
					"DEBUG=1",
					"$(inherited)",
				);
				INFOPLIST_FILE = RhodesTouristTests/Info.plist;
				LD_RUNPATH_SEARCH_PATHS = "$(inherited) @executable_path/Frameworks @loader_path/Frameworks";
				PRODUCT_NAME = RhodesTouristTests;
				TEST_HOST = "$(BUNDLE_LOADER)";
			};
			name = Debug;
		};
		CA9F7DC619B8D00B007CAB02 /* Release */ = {
			isa = XCBuildConfiguration;
			buildSettings = {
				BUNDLE_LOADER = "$(BUILT_PRODUCTS_DIR)/RhodesTourist.app/RhodesTourist";
				FRAMEWORK_SEARCH_PATHS = (
					"$(SDKROOT)/Developer/Library/Frameworks",
					"$(inherited)",
				);
				INFOPLIST_FILE = RhodesTouristTests/Info.plist;
				LD_RUNPATH_SEARCH_PATHS = "$(inherited) @executable_path/Frameworks @loader_path/Frameworks";
				PRODUCT_NAME = RhodesTouristTests;
				TEST_HOST = "$(BUNDLE_LOADER)";
			};
			name = Release;
		};
/* End XCBuildConfiguration section */

/* Begin XCConfigurationList section */
		CA9F7D9C19B8D00A007CAB02 /* Build configuration list for PBXProject "RhodesTourist" */ = {
			isa = XCConfigurationList;
			buildConfigurations = (
				CA9F7DBF19B8D00B007CAB02 /* Debug */,
				CA9F7DC019B8D00B007CAB02 /* Release */,
			);
			defaultConfigurationIsVisible = 0;
			defaultConfigurationName = Release;
		};
		CA9F7DC119B8D00B007CAB02 /* Build configuration list for PBXNativeTarget "RhodesTourist" */ = {
			isa = XCConfigurationList;
			buildConfigurations = (
				CA9F7DC219B8D00B007CAB02 /* Debug */,
				CA9F7DC319B8D00B007CAB02 /* Release */,
			);
			defaultConfigurationIsVisible = 0;
			defaultConfigurationName = Release;
		};
		CA9F7DC419B8D00B007CAB02 /* Build configuration list for PBXNativeTarget "RhodesTouristTests" */ = {
			isa = XCConfigurationList;
			buildConfigurations = (
				CA9F7DC519B8D00B007CAB02 /* Debug */,
				CA9F7DC619B8D00B007CAB02 /* Release */,
			);
			defaultConfigurationIsVisible = 0;
			defaultConfigurationName = Release;
		};
/* End XCConfigurationList section */
	};
	rootObject = CA9F7D9919B8D00A007CAB02 /* Project object */;
}
