// !$*UTF8*$!
{
	archiveVersion = 1;
	classes = {
	};
	objectVersion = 46;
	objects = {

/* Begin PBXBuildFile section */
		CA0C8BBC19E4A2C500FB2B7F /* ProgressView.m in Sources */ = {isa = PBXBuildFile; fileRef = CA0C8BBB19E4A2C500FB2B7F /* ProgressView.m */; };
		CA359AD91A3D098100ED6093 /* WifiStatus.m in Sources */ = {isa = PBXBuildFile; fileRef = CA359AD81A3D098100ED6093 /* WifiStatus.m */; };
		CA49561419F8BFAD00170C1F /* Drawer.png in Resources */ = {isa = PBXBuildFile; fileRef = CA49561119F8BFAD00170C1F /* Drawer.png */; };
		CA49561619F8BFAD00170C1F /* SideIcons.psd in Resources */ = {isa = PBXBuildFile; fileRef = CA49561319F8BFAD00170C1F /* SideIcons.psd */; };
		CA49561A19F8BFB300170C1F /* AppIcon120x120.png in Resources */ = {isa = PBXBuildFile; fileRef = CA49561819F8BFB300170C1F /* AppIcon120x120.png */; };
		CA49561B19F8BFB300170C1F /* AppIcon180x180.png in Resources */ = {isa = PBXBuildFile; fileRef = CA49561919F8BFB300170C1F /* AppIcon180x180.png */; };
		CA49561F19F8C3A400170C1F /* Home200x200.png in Resources */ = {isa = PBXBuildFile; fileRef = CA49561E19F8C3A400170C1F /* Home200x200.png */; };
		CA4DB59B1A6789EA00A2FA58 /* Drawer.m in Sources */ = {isa = PBXBuildFile; fileRef = CA4DB59A1A6789EA00A2FA58 /* Drawer.m */; };
		CA4DB59E1A678A9700A2FA58 /* VRCameraViewController.m in Sources */ = {isa = PBXBuildFile; fileRef = CA4DB59D1A678A9700A2FA58 /* VRCameraViewController.m */; };
		CA4DB5A11A68554900A2FA58 /* Alert.m in Sources */ = {isa = PBXBuildFile; fileRef = CA4DB5A01A68554900A2FA58 /* Alert.m */; };
		CA5AC95219E5C4DB00210E16 /* DrawerTableViewController.m in Sources */ = {isa = PBXBuildFile; fileRef = CA5AC95119E5C4DB00210E16 /* DrawerTableViewController.m */; };
		CA7B7BD91A707F81005E8CAB /* MapViewController.swift in Sources */ = {isa = PBXBuildFile; fileRef = CA7B7BD81A707F81005E8CAB /* MapViewController.swift */; };
		CA9F7DA719B8D00A007CAB02 /* main.m in Sources */ = {isa = PBXBuildFile; fileRef = CA9F7DA619B8D00A007CAB02 /* main.m */; };
		CA9F7DAA19B8D00A007CAB02 /* AppDelegate.m in Sources */ = {isa = PBXBuildFile; fileRef = CA9F7DA919B8D00A007CAB02 /* AppDelegate.m */; };
		CA9F7DAD19B8D00A007CAB02 /* ViewController.m in Sources */ = {isa = PBXBuildFile; fileRef = CA9F7DAC19B8D00A007CAB02 /* ViewController.m */; };
		CA9F7DB019B8D00A007CAB02 /* Main.storyboard in Resources */ = {isa = PBXBuildFile; fileRef = CA9F7DAE19B8D00A007CAB02 /* Main.storyboard */; };
		CA9F7DB219B8D00A007CAB02 /* Images.xcassets in Resources */ = {isa = PBXBuildFile; fileRef = CA9F7DB119B8D00A007CAB02 /* Images.xcassets */; };
		CA9F7DBE19B8D00B007CAB02 /* RhodesTouristTests.m in Sources */ = {isa = PBXBuildFile; fileRef = CA9F7DBD19B8D00B007CAB02 /* RhodesTouristTests.m */; };
		CA9F7DC819B8D55E007CAB02 /* CoreLocation.framework in Frameworks */ = {isa = PBXBuildFile; fileRef = CA9F7DC719B8D55E007CAB02 /* CoreLocation.framework */; };
		CAA4571819D4F52C003F1BE0 /* AssetCollectionViewController.m in Sources */ = {isa = PBXBuildFile; fileRef = CAA4571719D4F52C003F1BE0 /* AssetCollectionViewController.m */; };
		CAA4571C19D4F628003F1BE0 /* AssetViewController.m in Sources */ = {isa = PBXBuildFile; fileRef = CAA4571B19D4F628003F1BE0 /* AssetViewController.m */; };
		CAA4571F19D7502C003F1BE0 /* UIImageView+AFNetworking.m in Sources */ = {isa = PBXBuildFile; fileRef = CAA4571E19D7502C003F1BE0 /* UIImageView+AFNetworking.m */; };
		CAA4572119D758DA003F1BE0 /* thumbnail_280x210.jpg in Resources */ = {isa = PBXBuildFile; fileRef = CAA4572019D758DA003F1BE0 /* thumbnail_280x210.jpg */; };
		CABFAB5A19B901CA000EC0B5 /* Building.m in Sources */ = {isa = PBXBuildFile; fileRef = CABFAB5919B901CA000EC0B5 /* Building.m */; };
		CABFAB5D19B91225000EC0B5 /* CLLocation+Utils.m in Sources */ = {isa = PBXBuildFile; fileRef = CABFAB5C19B91225000EC0B5 /* CLLocation+Utils.m */; };
		CABFAB5F19B91828000EC0B5 /* CoreMotion.framework in Frameworks */ = {isa = PBXBuildFile; fileRef = CABFAB5E19B91828000EC0B5 /* CoreMotion.framework */; };
		CAC7D41E19CA04CC002C0867 /* AFHTTPRequestOperation.m in Sources */ = {isa = PBXBuildFile; fileRef = CAC7D40C19CA04CC002C0867 /* AFHTTPRequestOperation.m */; };
		CAC7D41F19CA04CC002C0867 /* AFHTTPRequestOperationManager.m in Sources */ = {isa = PBXBuildFile; fileRef = CAC7D40E19CA04CC002C0867 /* AFHTTPRequestOperationManager.m */; };
		CAC7D42019CA04CC002C0867 /* AFHTTPSessionManager.m in Sources */ = {isa = PBXBuildFile; fileRef = CAC7D41019CA04CC002C0867 /* AFHTTPSessionManager.m */; };
		CAC7D42119CA04CC002C0867 /* AFNetworkReachabilityManager.m in Sources */ = {isa = PBXBuildFile; fileRef = CAC7D41319CA04CC002C0867 /* AFNetworkReachabilityManager.m */; };
		CAC7D42219CA04CC002C0867 /* AFSecurityPolicy.m in Sources */ = {isa = PBXBuildFile; fileRef = CAC7D41519CA04CC002C0867 /* AFSecurityPolicy.m */; };
		CAC7D42319CA04CC002C0867 /* AFURLConnectionOperation.m in Sources */ = {isa = PBXBuildFile; fileRef = CAC7D41719CA04CC002C0867 /* AFURLConnectionOperation.m */; };
		CAC7D42419CA04CC002C0867 /* AFURLRequestSerialization.m in Sources */ = {isa = PBXBuildFile; fileRef = CAC7D41919CA04CC002C0867 /* AFURLRequestSerialization.m */; };
		CAC7D42519CA04CC002C0867 /* AFURLResponseSerialization.m in Sources */ = {isa = PBXBuildFile; fileRef = CAC7D41B19CA04CC002C0867 /* AFURLResponseSerialization.m */; };
		CAC7D42619CA04CC002C0867 /* AFURLSessionManager.m in Sources */ = {isa = PBXBuildFile; fileRef = CAC7D41D19CA04CC002C0867 /* AFURLSessionManager.m */; };
		CAC7D42919CA1055002C0867 /* Asset.m in Sources */ = {isa = PBXBuildFile; fileRef = CAC7D42819CA1055002C0867 /* Asset.m */; };
		CADD5B1D19BA466F00BABDC7 /* AVCamViewController.m in Sources */ = {isa = PBXBuildFile; fileRef = CADD5B1A19BA466F00BABDC7 /* AVCamViewController.m */; };
		CADD5B1E19BA466F00BABDC7 /* AVCamPreviewView.m in Sources */ = {isa = PBXBuildFile; fileRef = CADD5B1C19BA466F00BABDC7 /* AVCamPreviewView.m */; };
		CADD5B2019BA469700BABDC7 /* AVFoundation.framework in Frameworks */ = {isa = PBXBuildFile; fileRef = CADD5B1F19BA469700BABDC7 /* AVFoundation.framework */; };
		CADD5B2219BA469B00BABDC7 /* AssetsLibrary.framework in Frameworks */ = {isa = PBXBuildFile; fileRef = CADD5B2119BA469B00BABDC7 /* AssetsLibrary.framework */; };
/* End PBXBuildFile section */

/* Begin PBXContainerItemProxy section */
		CA9F7DB819B8D00B007CAB02 /* PBXContainerItemProxy */ = {
			isa = PBXContainerItemProxy;
			containerPortal = CA9F7D9919B8D00A007CAB02 /* Project object */;
			proxyType = 1;
			remoteGlobalIDString = CA9F7DA019B8D00A007CAB02;
			remoteInfo = RhodesTourist;
		};
/* End PBXContainerItemProxy section */

/* Begin PBXFileReference section */
		CA0C8BBA19E4A2C500FB2B7F /* ProgressView.h */ = {isa = PBXFileReference; fileEncoding = 4; lastKnownFileType = sourcecode.c.h; path = ProgressView.h; sourceTree = "<group>"; };
		CA0C8BBB19E4A2C500FB2B7F /* ProgressView.m */ = {isa = PBXFileReference; fileEncoding = 4; lastKnownFileType = sourcecode.c.objc; path = ProgressView.m; sourceTree = "<group>"; };
		CA359AD71A3D098100ED6093 /* WifiStatus.h */ = {isa = PBXFileReference; fileEncoding = 4; lastKnownFileType = sourcecode.c.h; path = WifiStatus.h; sourceTree = "<group>"; };
		CA359AD81A3D098100ED6093 /* WifiStatus.m */ = {isa = PBXFileReference; fileEncoding = 4; lastKnownFileType = sourcecode.c.objc; path = WifiStatus.m; sourceTree = "<group>"; };
		CA49561119F8BFAD00170C1F /* Drawer.png */ = {isa = PBXFileReference; lastKnownFileType = image.png; path = Drawer.png; sourceTree = "<group>"; };
		CA49561319F8BFAD00170C1F /* SideIcons.psd */ = {isa = PBXFileReference; lastKnownFileType = file; path = SideIcons.psd; sourceTree = "<group>"; };
		CA49561819F8BFB300170C1F /* AppIcon120x120.png */ = {isa = PBXFileReference; lastKnownFileType = image.png; path = AppIcon120x120.png; sourceTree = "<group>"; };
		CA49561919F8BFB300170C1F /* AppIcon180x180.png */ = {isa = PBXFileReference; lastKnownFileType = image.png; path = AppIcon180x180.png; sourceTree = "<group>"; };
		CA49561E19F8C3A400170C1F /* Home200x200.png */ = {isa = PBXFileReference; lastKnownFileType = image.png; path = Home200x200.png; sourceTree = "<group>"; };
		CA4DB5991A6789EA00A2FA58 /* Drawer.h */ = {isa = PBXFileReference; fileEncoding = 4; lastKnownFileType = sourcecode.c.h; path = Drawer.h; sourceTree = "<group>"; };
		CA4DB59A1A6789EA00A2FA58 /* Drawer.m */ = {isa = PBXFileReference; fileEncoding = 4; lastKnownFileType = sourcecode.c.objc; path = Drawer.m; sourceTree = "<group>"; };
		CA4DB59C1A678A9700A2FA58 /* VRCameraViewController.h */ = {isa = PBXFileReference; fileEncoding = 4; lastKnownFileType = sourcecode.c.h; path = VRCameraViewController.h; sourceTree = "<group>"; };
		CA4DB59D1A678A9700A2FA58 /* VRCameraViewController.m */ = {isa = PBXFileReference; fileEncoding = 4; lastKnownFileType = sourcecode.c.objc; path = VRCameraViewController.m; sourceTree = "<group>"; };
		CA4DB59F1A68554900A2FA58 /* Alert.h */ = {isa = PBXFileReference; fileEncoding = 4; lastKnownFileType = sourcecode.c.h; path = Alert.h; sourceTree = "<group>"; };
		CA4DB5A01A68554900A2FA58 /* Alert.m */ = {isa = PBXFileReference; fileEncoding = 4; lastKnownFileType = sourcecode.c.objc; path = Alert.m; sourceTree = "<group>"; };
		CA5AC95019E5C4DB00210E16 /* DrawerTableViewController.h */ = {isa = PBXFileReference; fileEncoding = 4; lastKnownFileType = sourcecode.c.h; path = DrawerTableViewController.h; sourceTree = "<group>"; };
		CA5AC95119E5C4DB00210E16 /* DrawerTableViewController.m */ = {isa = PBXFileReference; fileEncoding = 4; lastKnownFileType = sourcecode.c.objc; path = DrawerTableViewController.m; sourceTree = "<group>"; };
		CA7B7BD51A707F52005E8CAB /* RhodesTourist-Bridging-Header.h */ = {isa = PBXFileReference; lastKnownFileType = sourcecode.c.h; path = "RhodesTourist-Bridging-Header.h"; sourceTree = "<group>"; };
		CA7B7BD81A707F81005E8CAB /* MapViewController.swift */ = {isa = PBXFileReference; fileEncoding = 4; lastKnownFileType = sourcecode.swift; path = MapViewController.swift; sourceTree = "<group>"; };
		CA9F7DA119B8D00A007CAB02 /* RhodesTourist.app */ = {isa = PBXFileReference; explicitFileType = wrapper.application; includeInIndex = 0; path = RhodesTourist.app; sourceTree = BUILT_PRODUCTS_DIR; };
		CA9F7DA519B8D00A007CAB02 /* Info.plist */ = {isa = PBXFileReference; lastKnownFileType = text.plist.xml; path = Info.plist; sourceTree = "<group>"; };
		CA9F7DA619B8D00A007CAB02 /* main.m */ = {isa = PBXFileReference; lastKnownFileType = sourcecode.c.objc; path = main.m; sourceTree = "<group>"; };
		CA9F7DA819B8D00A007CAB02 /* AppDelegate.h */ = {isa = PBXFileReference; lastKnownFileType = sourcecode.c.h; path = AppDelegate.h; sourceTree = "<group>"; };
		CA9F7DA919B8D00A007CAB02 /* AppDelegate.m */ = {isa = PBXFileReference; lastKnownFileType = sourcecode.c.objc; path = AppDelegate.m; sourceTree = "<group>"; };
		CA9F7DAB19B8D00A007CAB02 /* ViewController.h */ = {isa = PBXFileReference; lastKnownFileType = sourcecode.c.h; path = ViewController.h; sourceTree = "<group>"; };
		CA9F7DAC19B8D00A007CAB02 /* ViewController.m */ = {isa = PBXFileReference; lastKnownFileType = sourcecode.c.objc; path = ViewController.m; sourceTree = "<group>"; };
		CA9F7DAF19B8D00A007CAB02 /* Base */ = {isa = PBXFileReference; lastKnownFileType = file.storyboard; name = Base; path = Base.lproj/Main.storyboard; sourceTree = "<group>"; };
		CA9F7DB119B8D00A007CAB02 /* Images.xcassets */ = {isa = PBXFileReference; lastKnownFileType = folder.assetcatalog; path = Images.xcassets; sourceTree = "<group>"; };
		CA9F7DB719B8D00B007CAB02 /* RhodesTouristTests.xctest */ = {isa = PBXFileReference; explicitFileType = wrapper.cfbundle; includeInIndex = 0; path = RhodesTouristTests.xctest; sourceTree = BUILT_PRODUCTS_DIR; };
		CA9F7DBC19B8D00B007CAB02 /* Info.plist */ = {isa = PBXFileReference; lastKnownFileType = text.plist.xml; path = Info.plist; sourceTree = "<group>"; };
		CA9F7DBD19B8D00B007CAB02 /* RhodesTouristTests.m */ = {isa = PBXFileReference; lastKnownFileType = sourcecode.c.objc; path = RhodesTouristTests.m; sourceTree = "<group>"; };
		CA9F7DC719B8D55E007CAB02 /* CoreLocation.framework */ = {isa = PBXFileReference; lastKnownFileType = wrapper.framework; name = CoreLocation.framework; path = System/Library/Frameworks/CoreLocation.framework; sourceTree = SDKROOT; };
		CAA4571619D4F52C003F1BE0 /* AssetCollectionViewController.h */ = {isa = PBXFileReference; fileEncoding = 4; lastKnownFileType = sourcecode.c.h; path = AssetCollectionViewController.h; sourceTree = "<group>"; };
		CAA4571719D4F52C003F1BE0 /* AssetCollectionViewController.m */ = {isa = PBXFileReference; fileEncoding = 4; lastKnownFileType = sourcecode.c.objc; path = AssetCollectionViewController.m; sourceTree = "<group>"; };
		CAA4571A19D4F628003F1BE0 /* AssetViewController.h */ = {isa = PBXFileReference; fileEncoding = 4; lastKnownFileType = sourcecode.c.h; path = AssetViewController.h; sourceTree = "<group>"; };
		CAA4571B19D4F628003F1BE0 /* AssetViewController.m */ = {isa = PBXFileReference; fileEncoding = 4; lastKnownFileType = sourcecode.c.objc; path = AssetViewController.m; sourceTree = "<group>"; };
		CAA4571D19D7502C003F1BE0 /* UIImageView+AFNetworking.h */ = {isa = PBXFileReference; fileEncoding = 4; lastKnownFileType = sourcecode.c.h; path = "UIImageView+AFNetworking.h"; sourceTree = "<group>"; };
		CAA4571E19D7502C003F1BE0 /* UIImageView+AFNetworking.m */ = {isa = PBXFileReference; fileEncoding = 4; lastKnownFileType = sourcecode.c.objc; path = "UIImageView+AFNetworking.m"; sourceTree = "<group>"; };
		CAA4572019D758DA003F1BE0 /* thumbnail_280x210.jpg */ = {isa = PBXFileReference; lastKnownFileType = image.jpeg; path = thumbnail_280x210.jpg; sourceTree = "<group>"; };
		CABFAB5319B8F8E9000EC0B5 /* MapKit.framework */ = {isa = PBXFileReference; lastKnownFileType = wrapper.framework; name = MapKit.framework; path = System/Library/Frameworks/MapKit.framework; sourceTree = SDKROOT; };
		CABFAB5819B901CA000EC0B5 /* Building.h */ = {isa = PBXFileReference; fileEncoding = 4; lastKnownFileType = sourcecode.c.h; path = Building.h; sourceTree = "<group>"; };
		CABFAB5919B901CA000EC0B5 /* Building.m */ = {isa = PBXFileReference; fileEncoding = 4; lastKnownFileType = sourcecode.c.objc; path = Building.m; sourceTree = "<group>"; };
		CABFAB5B19B91225000EC0B5 /* CLLocation+Utils.h */ = {isa = PBXFileReference; fileEncoding = 4; lastKnownFileType = sourcecode.c.h; path = "CLLocation+Utils.h"; sourceTree = "<group>"; };
		CABFAB5C19B91225000EC0B5 /* CLLocation+Utils.m */ = {isa = PBXFileReference; fileEncoding = 4; lastKnownFileType = sourcecode.c.objc; path = "CLLocation+Utils.m"; sourceTree = "<group>"; };
		CABFAB5E19B91828000EC0B5 /* CoreMotion.framework */ = {isa = PBXFileReference; lastKnownFileType = wrapper.framework; name = CoreMotion.framework; path = System/Library/Frameworks/CoreMotion.framework; sourceTree = SDKROOT; };
		CAC7D40B19CA04CC002C0867 /* AFHTTPRequestOperation.h */ = {isa = PBXFileReference; fileEncoding = 4; lastKnownFileType = sourcecode.c.h; path = AFHTTPRequestOperation.h; sourceTree = "<group>"; };
		CAC7D40C19CA04CC002C0867 /* AFHTTPRequestOperation.m */ = {isa = PBXFileReference; fileEncoding = 4; lastKnownFileType = sourcecode.c.objc; path = AFHTTPRequestOperation.m; sourceTree = "<group>"; };
		CAC7D40D19CA04CC002C0867 /* AFHTTPRequestOperationManager.h */ = {isa = PBXFileReference; fileEncoding = 4; lastKnownFileType = sourcecode.c.h; path = AFHTTPRequestOperationManager.h; sourceTree = "<group>"; };
		CAC7D40E19CA04CC002C0867 /* AFHTTPRequestOperationManager.m */ = {isa = PBXFileReference; fileEncoding = 4; lastKnownFileType = sourcecode.c.objc; path = AFHTTPRequestOperationManager.m; sourceTree = "<group>"; };
		CAC7D40F19CA04CC002C0867 /* AFHTTPSessionManager.h */ = {isa = PBXFileReference; fileEncoding = 4; lastKnownFileType = sourcecode.c.h; path = AFHTTPSessionManager.h; sourceTree = "<group>"; };
		CAC7D41019CA04CC002C0867 /* AFHTTPSessionManager.m */ = {isa = PBXFileReference; fileEncoding = 4; lastKnownFileType = sourcecode.c.objc; path = AFHTTPSessionManager.m; sourceTree = "<group>"; };
		CAC7D41119CA04CC002C0867 /* AFNetworking.h */ = {isa = PBXFileReference; fileEncoding = 4; lastKnownFileType = sourcecode.c.h; path = AFNetworking.h; sourceTree = "<group>"; };
		CAC7D41219CA04CC002C0867 /* AFNetworkReachabilityManager.h */ = {isa = PBXFileReference; fileEncoding = 4; lastKnownFileType = sourcecode.c.h; path = AFNetworkReachabilityManager.h; sourceTree = "<group>"; };
		CAC7D41319CA04CC002C0867 /* AFNetworkReachabilityManager.m */ = {isa = PBXFileReference; fileEncoding = 4; lastKnownFileType = sourcecode.c.objc; path = AFNetworkReachabilityManager.m; sourceTree = "<group>"; };
		CAC7D41419CA04CC002C0867 /* AFSecurityPolicy.h */ = {isa = PBXFileReference; fileEncoding = 4; lastKnownFileType = sourcecode.c.h; path = AFSecurityPolicy.h; sourceTree = "<group>"; };
		CAC7D41519CA04CC002C0867 /* AFSecurityPolicy.m */ = {isa = PBXFileReference; fileEncoding = 4; lastKnownFileType = sourcecode.c.objc; path = AFSecurityPolicy.m; sourceTree = "<group>"; };
		CAC7D41619CA04CC002C0867 /* AFURLConnectionOperation.h */ = {isa = PBXFileReference; fileEncoding = 4; lastKnownFileType = sourcecode.c.h; path = AFURLConnectionOperation.h; sourceTree = "<group>"; };
		CAC7D41719CA04CC002C0867 /* AFURLConnectionOperation.m */ = {isa = PBXFileReference; fileEncoding = 4; lastKnownFileType = sourcecode.c.objc; path = AFURLConnectionOperation.m; sourceTree = "<group>"; };
		CAC7D41819CA04CC002C0867 /* AFURLRequestSerialization.h */ = {isa = PBXFileReference; fileEncoding = 4; lastKnownFileType = sourcecode.c.h; path = AFURLRequestSerialization.h; sourceTree = "<group>"; };
		CAC7D41919CA04CC002C0867 /* AFURLRequestSerialization.m */ = {isa = PBXFileReference; fileEncoding = 4; lastKnownFileType = sourcecode.c.objc; path = AFURLRequestSerialization.m; sourceTree = "<group>"; };
		CAC7D41A19CA04CC002C0867 /* AFURLResponseSerialization.h */ = {isa = PBXFileReference; fileEncoding = 4; lastKnownFileType = sourcecode.c.h; path = AFURLResponseSerialization.h; sourceTree = "<group>"; };
		CAC7D41B19CA04CC002C0867 /* AFURLResponseSerialization.m */ = {isa = PBXFileReference; fileEncoding = 4; lastKnownFileType = sourcecode.c.objc; path = AFURLResponseSerialization.m; sourceTree = "<group>"; };
		CAC7D41C19CA04CC002C0867 /* AFURLSessionManager.h */ = {isa = PBXFileReference; fileEncoding = 4; lastKnownFileType = sourcecode.c.h; path = AFURLSessionManager.h; sourceTree = "<group>"; };
		CAC7D41D19CA04CC002C0867 /* AFURLSessionManager.m */ = {isa = PBXFileReference; fileEncoding = 4; lastKnownFileType = sourcecode.c.objc; path = AFURLSessionManager.m; sourceTree = "<group>"; };
		CAC7D42719CA1055002C0867 /* Asset.h */ = {isa = PBXFileReference; fileEncoding = 4; lastKnownFileType = sourcecode.c.h; path = Asset.h; sourceTree = "<group>"; };
		CAC7D42819CA1055002C0867 /* Asset.m */ = {isa = PBXFileReference; fileEncoding = 4; lastKnownFileType = sourcecode.c.objc; path = Asset.m; sourceTree = "<group>"; };
		CADD5B1919BA466F00BABDC7 /* AVCamViewController.h */ = {isa = PBXFileReference; fileEncoding = 4; lastKnownFileType = sourcecode.c.h; path = AVCamViewController.h; sourceTree = "<group>"; };
		CADD5B1A19BA466F00BABDC7 /* AVCamViewController.m */ = {isa = PBXFileReference; fileEncoding = 4; lastKnownFileType = sourcecode.c.objc; path = AVCamViewController.m; sourceTree = "<group>"; };
		CADD5B1B19BA466F00BABDC7 /* AVCamPreviewView.h */ = {isa = PBXFileReference; fileEncoding = 4; lastKnownFileType = sourcecode.c.h; path = AVCamPreviewView.h; sourceTree = "<group>"; };
		CADD5B1C19BA466F00BABDC7 /* AVCamPreviewView.m */ = {isa = PBXFileReference; fileEncoding = 4; lastKnownFileType = sourcecode.c.objc; path = AVCamPreviewView.m; sourceTree = "<group>"; };
		CADD5B1F19BA469700BABDC7 /* AVFoundation.framework */ = {isa = PBXFileReference; lastKnownFileType = wrapper.framework; name = AVFoundation.framework; path = System/Library/Frameworks/AVFoundation.framework; sourceTree = SDKROOT; };
		CADD5B2119BA469B00BABDC7 /* AssetsLibrary.framework */ = {isa = PBXFileReference; lastKnownFileType = wrapper.framework; name = AssetsLibrary.framework; path = System/Library/Frameworks/AssetsLibrary.framework; sourceTree = SDKROOT; };
/* End PBXFileReference section */

/* Begin PBXFrameworksBuildPhase section */
		CA9F7D9E19B8D00A007CAB02 /* Frameworks */ = {
			isa = PBXFrameworksBuildPhase;
			buildActionMask = 2147483647;
			files = (
				CADD5B2219BA469B00BABDC7 /* AssetsLibrary.framework in Frameworks */,
				CADD5B2019BA469700BABDC7 /* AVFoundation.framework in Frameworks */,
				CABFAB5F19B91828000EC0B5 /* CoreMotion.framework in Frameworks */,
				CA9F7DC819B8D55E007CAB02 /* CoreLocation.framework in Frameworks */,
			);
			runOnlyForDeploymentPostprocessing = 0;
		};
		CA9F7DB419B8D00B007CAB02 /* Frameworks */ = {
			isa = PBXFrameworksBuildPhase;
			buildActionMask = 2147483647;
			files = (
			);
			runOnlyForDeploymentPostprocessing = 0;
		};
/* End PBXFrameworksBuildPhase section */

/* Begin PBXGroup section */
		CA359AD61A3D095F00ED6093 /* Utility */ = {
			isa = PBXGroup;
			children = (
				CA359AD71A3D098100ED6093 /* WifiStatus.h */,
				CA359AD81A3D098100ED6093 /* WifiStatus.m */,
			);
			name = Utility;
			sourceTree = "<group>";
		};
		CA49561019F8BFAD00170C1F /* Images */ = {
			isa = PBXGroup;
			children = (
				CA49561119F8BFAD00170C1F /* Drawer.png */,
				CA49561E19F8C3A400170C1F /* Home200x200.png */,
				CA49561319F8BFAD00170C1F /* SideIcons.psd */,
			);
			path = Images;
			sourceTree = "<group>";
		};
		CA49561719F8BFB300170C1F /* Icons */ = {
			isa = PBXGroup;
			children = (
				CA49561819F8BFB300170C1F /* AppIcon120x120.png */,
				CA49561919F8BFB300170C1F /* AppIcon180x180.png */,
			);
			path = Icons;
			sourceTree = "<group>";
		};
		CA4DB5951A67864000A2FA58 /* Interface */ = {
			isa = PBXGroup;
			children = (
				CA4DB5991A6789EA00A2FA58 /* Drawer.h */,
				CA4DB59A1A6789EA00A2FA58 /* Drawer.m */,
				CA4DB59F1A68554900A2FA58 /* Alert.h */,
				CA4DB5A01A68554900A2FA58 /* Alert.m */,
				CA0C8BBA19E4A2C500FB2B7F /* ProgressView.h */,
				CA0C8BBB19E4A2C500FB2B7F /* ProgressView.m */,
			);
			name = Interface;
			sourceTree = "<group>";
		};
		CA9F7D9819B8D00A007CAB02 = {
			isa = PBXGroup;
			children = (
				CADD5B2119BA469B00BABDC7 /* AssetsLibrary.framework */,
				CADD5B1F19BA469700BABDC7 /* AVFoundation.framework */,
				CABFAB5E19B91828000EC0B5 /* CoreMotion.framework */,
				CABFAB5319B8F8E9000EC0B5 /* MapKit.framework */,
				CA9F7DC719B8D55E007CAB02 /* CoreLocation.framework */,
				CA9F7DA319B8D00A007CAB02 /* RhodesTourist */,
				CA9F7DBA19B8D00B007CAB02 /* RhodesTouristTests */,
				CA9F7DA219B8D00A007CAB02 /* Products */,
			);
			sourceTree = "<group>";
		};
		CA9F7DA219B8D00A007CAB02 /* Products */ = {
			isa = PBXGroup;
			children = (
				CA9F7DA119B8D00A007CAB02 /* RhodesTourist.app */,
				CA9F7DB719B8D00B007CAB02 /* RhodesTouristTests.xctest */,
			);
			name = Products;
			sourceTree = "<group>";
		};
		CA9F7DA319B8D00A007CAB02 /* RhodesTourist */ = {
			isa = PBXGroup;
			children = (
				CA4DB5951A67864000A2FA58 /* Interface */,
				CA359AD61A3D095F00ED6093 /* Utility */,
				CAA4571919D4F535003F1BE0 /* View Controllers */,
				CAC7D40A19CA04C0002C0867 /* AFNetworking */,
				CA9F7DA819B8D00A007CAB02 /* AppDelegate.h */,
				CA9F7DA919B8D00A007CAB02 /* AppDelegate.m */,
				CABFAB5819B901CA000EC0B5 /* Building.h */,
				CABFAB5919B901CA000EC0B5 /* Building.m */,
				CAC7D42719CA1055002C0867 /* Asset.h */,
				CAC7D42819CA1055002C0867 /* Asset.m */,
				CABFAB5B19B91225000EC0B5 /* CLLocation+Utils.h */,
				CABFAB5C19B91225000EC0B5 /* CLLocation+Utils.m */,
				CADD5B1919BA466F00BABDC7 /* AVCamViewController.h */,
				CADD5B1A19BA466F00BABDC7 /* AVCamViewController.m */,
				CADD5B1B19BA466F00BABDC7 /* AVCamPreviewView.h */,
				CADD5B1C19BA466F00BABDC7 /* AVCamPreviewView.m */,
				CAA4572019D758DA003F1BE0 /* thumbnail_280x210.jpg */,
				CA49561019F8BFAD00170C1F /* Images */,
				CA49561719F8BFB300170C1F /* Icons */,
				CA9F7DB119B8D00A007CAB02 /* Images.xcassets */,
				CA9F7DA419B8D00A007CAB02 /* Supporting Files */,
			);
			path = RhodesTourist;
			sourceTree = "<group>";
		};
		CA9F7DA419B8D00A007CAB02 /* Supporting Files */ = {
			isa = PBXGroup;
			children = (
				CA9F7DA519B8D00A007CAB02 /* Info.plist */,
				CA9F7DA619B8D00A007CAB02 /* main.m */,
			);
			name = "Supporting Files";
			sourceTree = "<group>";
		};
		CA9F7DBA19B8D00B007CAB02 /* RhodesTouristTests */ = {
			isa = PBXGroup;
			children = (
				CA9F7DBD19B8D00B007CAB02 /* RhodesTouristTests.m */,
				CA9F7DBB19B8D00B007CAB02 /* Supporting Files */,
			);
			path = RhodesTouristTests;
			sourceTree = "<group>";
		};
		CA9F7DBB19B8D00B007CAB02 /* Supporting Files */ = {
			isa = PBXGroup;
			children = (
				CA9F7DBC19B8D00B007CAB02 /* Info.plist */,
			);
			name = "Supporting Files";
			sourceTree = "<group>";
		};
		CAA4571919D4F535003F1BE0 /* View Controllers */ = {
			isa = PBXGroup;
			children = (
				CA9F7DAE19B8D00A007CAB02 /* Main.storyboard */,
				CA9F7DAB19B8D00A007CAB02 /* ViewController.h */,
				CA9F7DAC19B8D00A007CAB02 /* ViewController.m */,
				CAA4571619D4F52C003F1BE0 /* AssetCollectionViewController.h */,
				CAA4571719D4F52C003F1BE0 /* AssetCollectionViewController.m */,
				CAA4571A19D4F628003F1BE0 /* AssetViewController.h */,
				CAA4571B19D4F628003F1BE0 /* AssetViewController.m */,
				CA5AC95019E5C4DB00210E16 /* DrawerTableViewController.h */,
				CA5AC95119E5C4DB00210E16 /* DrawerTableViewController.m */,
				CA4DB59C1A678A9700A2FA58 /* VRCameraViewController.h */,
				CA4DB59D1A678A9700A2FA58 /* VRCameraViewController.m */,
				CA7B7BD51A707F52005E8CAB /* RhodesTourist-Bridging-Header.h */,
				CA7B7BD81A707F81005E8CAB /* MapViewController.swift */,
			);
			name = "View Controllers";
			sourceTree = "<group>";
		};
		CAC7D40A19CA04C0002C0867 /* AFNetworking */ = {
			isa = PBXGroup;
			children = (
				CAA4571D19D7502C003F1BE0 /* UIImageView+AFNetworking.h */,
				CAA4571E19D7502C003F1BE0 /* UIImageView+AFNetworking.m */,
				CAC7D40B19CA04CC002C0867 /* AFHTTPRequestOperation.h */,
				CAC7D40C19CA04CC002C0867 /* AFHTTPRequestOperation.m */,
				CAC7D40D19CA04CC002C0867 /* AFHTTPRequestOperationManager.h */,
				CAC7D40E19CA04CC002C0867 /* AFHTTPRequestOperationManager.m */,
				CAC7D40F19CA04CC002C0867 /* AFHTTPSessionManager.h */,
				CAC7D41019CA04CC002C0867 /* AFHTTPSessionManager.m */,
				CAC7D41119CA04CC002C0867 /* AFNetworking.h */,
				CAC7D41219CA04CC002C0867 /* AFNetworkReachabilityManager.h */,
				CAC7D41319CA04CC002C0867 /* AFNetworkReachabilityManager.m */,
				CAC7D41419CA04CC002C0867 /* AFSecurityPolicy.h */,
				CAC7D41519CA04CC002C0867 /* AFSecurityPolicy.m */,
				CAC7D41619CA04CC002C0867 /* AFURLConnectionOperation.h */,
				CAC7D41719CA04CC002C0867 /* AFURLConnectionOperation.m */,
				CAC7D41819CA04CC002C0867 /* AFURLRequestSerialization.h */,
				CAC7D41919CA04CC002C0867 /* AFURLRequestSerialization.m */,
				CAC7D41A19CA04CC002C0867 /* AFURLResponseSerialization.h */,
				CAC7D41B19CA04CC002C0867 /* AFURLResponseSerialization.m */,
				CAC7D41C19CA04CC002C0867 /* AFURLSessionManager.h */,
				CAC7D41D19CA04CC002C0867 /* AFURLSessionManager.m */,
			);
			name = AFNetworking;
			sourceTree = "<group>";
		};
/* End PBXGroup section */

/* Begin PBXNativeTarget section */
		CA9F7DA019B8D00A007CAB02 /* RhodesTourist */ = {
			isa = PBXNativeTarget;
			buildConfigurationList = CA9F7DC119B8D00B007CAB02 /* Build configuration list for PBXNativeTarget "RhodesTourist" */;
			buildPhases = (
				CA9F7D9D19B8D00A007CAB02 /* Sources */,
				CA9F7D9E19B8D00A007CAB02 /* Frameworks */,
				CA9F7D9F19B8D00A007CAB02 /* Resources */,
			);
			buildRules = (
			);
			dependencies = (
			);
			name = RhodesTourist;
			productName = RhodesTourist;
			productReference = CA9F7DA119B8D00A007CAB02 /* RhodesTourist.app */;
			productType = "com.apple.product-type.application";
		};
		CA9F7DB619B8D00B007CAB02 /* RhodesTouristTests */ = {
			isa = PBXNativeTarget;
			buildConfigurationList = CA9F7DC419B8D00B007CAB02 /* Build configuration list for PBXNativeTarget "RhodesTouristTests" */;
			buildPhases = (
				CA9F7DB319B8D00B007CAB02 /* Sources */,
				CA9F7DB419B8D00B007CAB02 /* Frameworks */,
				CA9F7DB519B8D00B007CAB02 /* Resources */,
			);
			buildRules = (
			);
			dependencies = (
				CA9F7DB919B8D00B007CAB02 /* PBXTargetDependency */,
			);
			name = RhodesTouristTests;
			productName = RhodesTouristTests;
			productReference = CA9F7DB719B8D00B007CAB02 /* RhodesTouristTests.xctest */;
			productType = "com.apple.product-type.bundle.unit-test";
		};
/* End PBXNativeTarget section */

/* Begin PBXProject section */
		CA9F7D9919B8D00A007CAB02 /* Project object */ = {
			isa = PBXProject;
			attributes = {
				LastUpgradeCheck = 0600;
				ORGANIZATIONNAME = "Apprentice Media LLC";
				TargetAttributes = {
					CA9F7DA019B8D00A007CAB02 = {
						CreatedOnToolsVersion = 6.0;
						DevelopmentTeam = 65UT5H6UZR;
					};
					CA9F7DB619B8D00B007CAB02 = {
						CreatedOnToolsVersion = 6.0;
						TestTargetID = CA9F7DA019B8D00A007CAB02;
					};
				};
			};
			buildConfigurationList = CA9F7D9C19B8D00A007CAB02 /* Build configuration list for PBXProject "RhodesTourist" */;
			compatibilityVersion = "Xcode 3.2";
			developmentRegion = English;
			hasScannedForEncodings = 0;
			knownRegions = (
				en,
				Base,
			);
			mainGroup = CA9F7D9819B8D00A007CAB02;
			productRefGroup = CA9F7DA219B8D00A007CAB02 /* Products */;
			projectDirPath = "";
			projectRoot = "";
			targets = (
				CA9F7DA019B8D00A007CAB02 /* RhodesTourist */,
				CA9F7DB619B8D00B007CAB02 /* RhodesTouristTests */,
			);
		};
/* End PBXProject section */

/* Begin PBXResourcesBuildPhase section */
		CA9F7D9F19B8D00A007CAB02 /* Resources */ = {
			isa = PBXResourcesBuildPhase;
			buildActionMask = 2147483647;
			files = (
				CA9F7DB019B8D00A007CAB02 /* Main.storyboard in Resources */,
				CA49561B19F8BFB300170C1F /* AppIcon180x180.png in Resources */,
				CA49561F19F8C3A400170C1F /* Home200x200.png in Resources */,
				CAA4572119D758DA003F1BE0 /* thumbnail_280x210.jpg in Resources */,
				CA49561419F8BFAD00170C1F /* Drawer.png in Resources */,
				CA49561A19F8BFB300170C1F /* AppIcon120x120.png in Resources */,
				CA49561619F8BFAD00170C1F /* SideIcons.psd in Resources */,
				CA9F7DB219B8D00A007CAB02 /* Images.xcassets in Resources */,
			);
			runOnlyForDeploymentPostprocessing = 0;
		};
		CA9F7DB519B8D00B007CAB02 /* Resources */ = {
			isa = PBXResourcesBuildPhase;
			buildActionMask = 2147483647;
			files = (
			);
			runOnlyForDeploymentPostprocessing = 0;
		};
/* End PBXResourcesBuildPhase section */

/* Begin PBXSourcesBuildPhase section */
		CA9F7D9D19B8D00A007CAB02 /* Sources */ = {
			isa = PBXSourcesBuildPhase;
			buildActionMask = 2147483647;
			files = (
				CA5AC95219E5C4DB00210E16 /* DrawerTableViewController.m in Sources */,
				CAC7D42319CA04CC002C0867 /* AFURLConnectionOperation.m in Sources */,
				CA9F7DAD19B8D00A007CAB02 /* ViewController.m in Sources */,
				CA9F7DAA19B8D00A007CAB02 /* AppDelegate.m in Sources */,
				CA9F7DA719B8D00A007CAB02 /* main.m in Sources */,
				CAC7D42519CA04CC002C0867 /* AFURLResponseSerialization.m in Sources */,
				CA0C8BBC19E4A2C500FB2B7F /* ProgressView.m in Sources */,
				CA4DB59E1A678A9700A2FA58 /* VRCameraViewController.m in Sources */,
				CAA4571C19D4F628003F1BE0 /* AssetViewController.m in Sources */,
				CAA4571819D4F52C003F1BE0 /* AssetCollectionViewController.m in Sources */,
				CABFAB5D19B91225000EC0B5 /* CLLocation+Utils.m in Sources */,
				CAC7D42419CA04CC002C0867 /* AFURLRequestSerialization.m in Sources */,
				CA4DB5A11A68554900A2FA58 /* Alert.m in Sources */,
				CAC7D42219CA04CC002C0867 /* AFSecurityPolicy.m in Sources */,
				CAC7D41E19CA04CC002C0867 /* AFHTTPRequestOperation.m in Sources */,
				CAA4571F19D7502C003F1BE0 /* UIImageView+AFNetworking.m in Sources */,
				CAC7D42619CA04CC002C0867 /* AFURLSessionManager.m in Sources */,
				CADD5B1E19BA466F00BABDC7 /* AVCamPreviewView.m in Sources */,
				CA4DB59B1A6789EA00A2FA58 /* Drawer.m in Sources */,
				CABFAB5A19B901CA000EC0B5 /* Building.m in Sources */,
				CA359AD91A3D098100ED6093 /* WifiStatus.m in Sources */,
				CAC7D42919CA1055002C0867 /* Asset.m in Sources */,
				CA7B7BD91A707F81005E8CAB /* MapViewController.swift in Sources */,
				CAC7D42019CA04CC002C0867 /* AFHTTPSessionManager.m in Sources */,
				CADD5B1D19BA466F00BABDC7 /* AVCamViewController.m in Sources */,
				CAC7D42119CA04CC002C0867 /* AFNetworkReachabilityManager.m in Sources */,
				CAC7D41F19CA04CC002C0867 /* AFHTTPRequestOperationManager.m in Sources */,
			);
			runOnlyForDeploymentPostprocessing = 0;
		};
		CA9F7DB319B8D00B007CAB02 /* Sources */ = {
			isa = PBXSourcesBuildPhase;
			buildActionMask = 2147483647;
			files = (
				CA9F7DBE19B8D00B007CAB02 /* RhodesTouristTests.m in Sources */,
			);
			runOnlyForDeploymentPostprocessing = 0;
		};
/* End PBXSourcesBuildPhase section */

/* Begin PBXTargetDependency section */
		CA9F7DB919B8D00B007CAB02 /* PBXTargetDependency */ = {
			isa = PBXTargetDependency;
			target = CA9F7DA019B8D00A007CAB02 /* RhodesTourist */;
			targetProxy = CA9F7DB819B8D00B007CAB02 /* PBXContainerItemProxy */;
		};
/* End PBXTargetDependency section */

/* Begin PBXVariantGroup section */
		CA9F7DAE19B8D00A007CAB02 /* Main.storyboard */ = {
			isa = PBXVariantGroup;
			children = (
				CA9F7DAF19B8D00A007CAB02 /* Base */,
			);
			name = Main.storyboard;
			sourceTree = "<group>";
		};
/* End PBXVariantGroup section */

/* Begin XCBuildConfiguration section */
		CA9F7DBF19B8D00B007CAB02 /* Debug */ = {
			isa = XCBuildConfiguration;
			buildSettings = {
				ALWAYS_SEARCH_USER_PATHS = NO;
				CLANG_CXX_LANGUAGE_STANDARD = "gnu++0x";
				CLANG_CXX_LIBRARY = "libc++";
				CLANG_ENABLE_MODULES = YES;
				CLANG_ENABLE_OBJC_ARC = YES;
				CLANG_WARN_BOOL_CONVERSION = YES;
				CLANG_WARN_CONSTANT_CONVERSION = YES;
				CLANG_WARN_DIRECT_OBJC_ISA_USAGE = YES_ERROR;
				CLANG_WARN_EMPTY_BODY = YES;
				CLANG_WARN_ENUM_CONVERSION = YES;
				CLANG_WARN_INT_CONVERSION = YES;
				CLANG_WARN_OBJC_ROOT_CLASS = YES_ERROR;
				CLANG_WARN_UNREACHABLE_CODE = YES;
				CLANG_WARN__DUPLICATE_METHOD_MATCH = YES;
				"CODE_SIGN_IDENTITY[sdk=iphoneos*]" = "iPhone Developer";
				COPY_PHASE_STRIP = NO;
				ENABLE_STRICT_OBJC_MSGSEND = YES;
				GCC_C_LANGUAGE_STANDARD = gnu99;
				GCC_DYNAMIC_NO_PIC = NO;
				GCC_OPTIMIZATION_LEVEL = 0;
				GCC_PREPROCESSOR_DEFINITIONS = (
					"DEBUG=1",
					"$(inherited)",
				);
				GCC_SYMBOLS_PRIVATE_EXTERN = NO;
				GCC_WARN_64_TO_32_BIT_CONVERSION = YES;
				GCC_WARN_ABOUT_RETURN_TYPE = YES_ERROR;
				GCC_WARN_UNDECLARED_SELECTOR = YES;
				GCC_WARN_UNINITIALIZED_AUTOS = YES_AGGRESSIVE;
				GCC_WARN_UNUSED_FUNCTION = YES;
				GCC_WARN_UNUSED_VARIABLE = YES;
				IPHONEOS_DEPLOYMENT_TARGET = 8.0;
				MTL_ENABLE_DEBUG_INFO = YES;
				ONLY_ACTIVE_ARCH = YES;
				SDKROOT = iphoneos;
				TARGETED_DEVICE_FAMILY = "1,2";
			};
			name = Debug;
		};
		CA9F7DC019B8D00B007CAB02 /* Release */ = {
			isa = XCBuildConfiguration;
			buildSettings = {
				ALWAYS_SEARCH_USER_PATHS = NO;
				CLANG_CXX_LANGUAGE_STANDARD = "gnu++0x";
				CLANG_CXX_LIBRARY = "libc++";
				CLANG_ENABLE_MODULES = YES;
				CLANG_ENABLE_OBJC_ARC = YES;
				CLANG_WARN_BOOL_CONVERSION = YES;
				CLANG_WARN_CONSTANT_CONVERSION = YES;
				CLANG_WARN_DIRECT_OBJC_ISA_USAGE = YES_ERROR;
				CLANG_WARN_EMPTY_BODY = YES;
				CLANG_WARN_ENUM_CONVERSION = YES;
				CLANG_WARN_INT_CONVERSION = YES;
				CLANG_WARN_OBJC_ROOT_CLASS = YES_ERROR;
				CLANG_WARN_UNREACHABLE_CODE = YES;
				CLANG_WARN__DUPLICATE_METHOD_MATCH = YES;
				"CODE_SIGN_IDENTITY[sdk=iphoneos*]" = "iPhone Developer";
				COPY_PHASE_STRIP = YES;
				ENABLE_NS_ASSERTIONS = NO;
				ENABLE_STRICT_OBJC_MSGSEND = YES;
				GCC_C_LANGUAGE_STANDARD = gnu99;
				GCC_WARN_64_TO_32_BIT_CONVERSION = YES;
				GCC_WARN_ABOUT_RETURN_TYPE = YES_ERROR;
				GCC_WARN_UNDECLARED_SELECTOR = YES;
				GCC_WARN_UNINITIALIZED_AUTOS = YES_AGGRESSIVE;
				GCC_WARN_UNUSED_FUNCTION = YES;
				GCC_WARN_UNUSED_VARIABLE = YES;
				IPHONEOS_DEPLOYMENT_TARGET = 8.0;
				MTL_ENABLE_DEBUG_INFO = NO;
				SDKROOT = iphoneos;
				TARGETED_DEVICE_FAMILY = "1,2";
				VALIDATE_PRODUCT = YES;
			};
			name = Release;
		};
		CA9F7DC219B8D00B007CAB02 /* Debug */ = {
			isa = XCBuildConfiguration;
			buildSettings = {
				ASSETCATALOG_COMPILER_APPICON_NAME = AppIcon;
				ASSETCATALOG_COMPILER_LAUNCHIMAGE_NAME = LaunchImage;
				CLANG_ENABLE_MODULES = YES;
				CODE_SIGN_IDENTITY = "iPhone Developer";
				INFOPLIST_FILE = RhodesTourist/Info.plist;
				IPHONEOS_DEPLOYMENT_TARGET = 8.0;
				LD_RUNPATH_SEARCH_PATHS = "$(inherited) @executable_path/Frameworks";
				PRODUCT_NAME = RhodesTourist;
				SWIFT_OBJC_BRIDGING_HEADER = "RhodesTourist/RhodesTourist-Bridging-Header.h";
				SWIFT_OPTIMIZATION_LEVEL = "-Onone";
				TARGETED_DEVICE_FAMILY = 1;
			};
			name = Debug;
		};
		CA9F7DC319B8D00B007CAB02 /* Release */ = {
			isa = XCBuildConfiguration;
			buildSettings = {
				ASSETCATALOG_COMPILER_APPICON_NAME = AppIcon;
				ASSETCATALOG_COMPILER_LAUNCHIMAGE_NAME = LaunchImage;
				CLANG_ENABLE_MODULES = YES;
				CODE_SIGN_IDENTITY = "iPhone Developer";
				INFOPLIST_FILE = RhodesTourist/Info.plist;
				IPHONEOS_DEPLOYMENT_TARGET = 8.0;
				LD_RUNPATH_SEARCH_PATHS = "$(inherited) @executable_path/Frameworks";
				PRODUCT_NAME = RhodesTourist;
				SWIFT_OBJC_BRIDGING_HEADER = "RhodesTourist/RhodesTourist-Bridging-Header.h";
				TARGETED_DEVICE_FAMILY = 1;
			};
			name = Release;
		};
		CA9F7DC519B8D00B007CAB02 /* Debug */ = {
			isa = XCBuildConfiguration;
			buildSettings = {
				BUNDLE_LOADER = "$(BUILT_PRODUCTS_DIR)/RhodesTourist.app/RhodesTourist";
				FRAMEWORK_SEARCH_PATHS = (
					"$(SDKROOT)/Developer/Library/Frameworks",
					"$(inherited)",
				);
				GCC_PREPROCESSOR_DEFINITIONS = (
					"DEBUG=1",
					"$(inherited)",
				);
				INFOPLIST_FILE = RhodesTouristTests/Info.plist;
				LD_RUNPATH_SEARCH_PATHS = "$(inherited) @executable_path/Frameworks @loader_path/Frameworks";
				PRODUCT_NAME = RhodesTouristTests;
				TEST_HOST = "$(BUNDLE_LOADER)";
			};
			name = Debug;
		};
		CA9F7DC619B8D00B007CAB02 /* Release */ = {
			isa = XCBuildConfiguration;
			buildSettings = {
				BUNDLE_LOADER = "$(BUILT_PRODUCTS_DIR)/RhodesTourist.app/RhodesTourist";
				FRAMEWORK_SEARCH_PATHS = (
					"$(SDKROOT)/Developer/Library/Frameworks",
					"$(inherited)",
				);
				INFOPLIST_FILE = RhodesTouristTests/Info.plist;
				LD_RUNPATH_SEARCH_PATHS = "$(inherited) @executable_path/Frameworks @loader_path/Frameworks";
				PRODUCT_NAME = RhodesTouristTests;
				TEST_HOST = "$(BUNDLE_LOADER)";
			};
			name = Release;
		};
/* End XCBuildConfiguration section */

/* Begin XCConfigurationList section */
		CA9F7D9C19B8D00A007CAB02 /* Build configuration list for PBXProject "RhodesTourist" */ = {
			isa = XCConfigurationList;
			buildConfigurations = (
				CA9F7DBF19B8D00B007CAB02 /* Debug */,
				CA9F7DC019B8D00B007CAB02 /* Release */,
			);
			defaultConfigurationIsVisible = 0;
			defaultConfigurationName = Release;
		};
		CA9F7DC119B8D00B007CAB02 /* Build configuration list for PBXNativeTarget "RhodesTourist" */ = {
			isa = XCConfigurationList;
			buildConfigurations = (
				CA9F7DC219B8D00B007CAB02 /* Debug */,
				CA9F7DC319B8D00B007CAB02 /* Release */,
			);
			defaultConfigurationIsVisible = 0;
			defaultConfigurationName = Release;
		};
		CA9F7DC419B8D00B007CAB02 /* Build configuration list for PBXNativeTarget "RhodesTouristTests" */ = {
			isa = XCConfigurationList;
			buildConfigurations = (
				CA9F7DC519B8D00B007CAB02 /* Debug */,
				CA9F7DC619B8D00B007CAB02 /* Release */,
			);
			defaultConfigurationIsVisible = 0;
			defaultConfigurationName = Release;
		};
/* End XCConfigurationList section */
	};
	rootObject = CA9F7D9919B8D00A007CAB02 /* Project object */;
}
